
Microsoft Visual Studio Solution File, Format Version 12.00
# Visual Studio Version 17
VisualStudioVersion = 17.10.35201.131
MinimumVisualStudioVersion = 10.0.40219.1
Project("{FAE04EC0-301F-11D3-BF4B-00C04F79EFBC}") = "WeaProc", "WeaProc\WeaProc.csproj", "{001BD642-AA97-47F0-B02A-3602DF9B228D}"
	ProjectSection(ProjectDependencies) = postProject
		{67027820-9036-481E-80F6-077E5085F59D} = {67027820-9036-481E-80F6-077E5085F59D}
		{40DE1F29-3531-4BC2-9D7E-324DC92689DF} = {40DE1F29-3531-4BC2-9D7E-324DC92689DF}
		{A857402A-C282-4E40-A6B1-10D4D413914C} = {A857402A-C282-4E40-A6B1-10D4D413914C}
		{EC9CAC39-6D2A-4EE9-80CD-8E5FB3FFFC77} = {EC9CAC39-6D2A-4EE9-80CD-8E5FB3FFFC77}
		{70E66141-24F6-47EA-A86E-58AE2FAB819B} = {70E66141-24F6-47EA-A86E-58AE2FAB819B}
		{466B0C48-6C7A-471A-9750-37EC949E9545} = {466B0C48-6C7A-471A-9750-37EC949E9545}
		{F0F41E48-35ED-43F4-AB00-30252B0E5690} = {F0F41E48-35ED-43F4-AB00-30252B0E5690}
		{B219575F-1541-41DB-9FA4-D9D7CD62B4A5} = {B219575F-1541-41DB-9FA4-D9D7CD62B4A5}
		{7B904366-AFAB-46FD-9B50-D78D38E3B54B} = {7B904366-AFAB-46FD-9B50-D78D38E3B54B}
		{EBC6CD84-CBCA-492A-A752-0F88459DE017} = {EBC6CD84-CBCA-492A-A752-0F88459DE017}
		{33E88992-742F-4D13-823F-35D6A07B1AA1} = {33E88992-742F-4D13-823F-35D6A07B1AA1}
		{5D8E5999-9864-4E6B-81D1-9397BE1F7972} = {5D8E5999-9864-4E6B-81D1-9397BE1F7972}
		{B0CF819D-094B-4B09-A0AE-BBCAB05C4E49} = {B0CF819D-094B-4B09-A0AE-BBCAB05C4E49}
		{A9A00CAD-9EAD-4228-AB08-6DC3BAF253AA} = {A9A00CAD-9EAD-4228-AB08-6DC3BAF253AA}
		{2AA4FCFA-94D1-47C5-B515-E417DA3AF8DC} = {2AA4FCFA-94D1-47C5-B515-E417DA3AF8DC}
	EndProjectSection
EndProject
Project("{F184B08F-C81C-45F6-A57F-5ABD9991F28F}") = "WdmUpload", "WdmUpload\WdmUpload.vbproj", "{AD66C5FC-9825-48D2-8658-9965E6647254}"
EndProject
Project("{F184B08F-C81C-45F6-A57F-5ABD9991F28F}") = "WeaComp", "WeaComp\WeaComp.vbproj", "{9B5DBB77-B0FD-4CCF-A394-1C89FCEB053E}"
EndProject
Project("{FAE04EC0-301F-11D3-BF4B-00C04F79EFBC}") = "WeaLSPCAir", "WeaLSPCAir\WeaLSPCAir.csproj", "{EBC6CD84-CBCA-492A-A752-0F88459DE017}"
	ProjectSection(ProjectDependencies) = postProject
		{A857402A-C282-4E40-A6B1-10D4D413914C} = {A857402A-C282-4E40-A6B1-10D4D413914C}
	EndProjectSection
EndProject
Project("{F184B08F-C81C-45F6-A57F-5ABD9991F28F}") = "LSPCWriteAir", "LSPCWriteAir\LSPCWriteAir.vbproj", "{02121F18-D4E5-49C4-BE9B-7FCCD99956A5}"
EndProject
Project("{FAE04EC0-301F-11D3-BF4B-00C04F79EFBC}") = "WeaSWMM", "WeaSWMM\WeaSWMM.csproj", "{70E66141-24F6-47EA-A86E-58AE2FAB819B}"
	ProjectSection(ProjectDependencies) = postProject
		{A857402A-C282-4E40-A6B1-10D4D413914C} = {A857402A-C282-4E40-A6B1-10D4D413914C}
	EndProjectSection
EndProject
Project("{FAE04EC0-301F-11D3-BF4B-00C04F79EFBC}") = "WeaUtil", "WeaUtil\WeaUtil.csproj", "{882C4EAA-ECBC-432A-9982-862ABCAB0973}"
EndProject
Project("{FAE04EC0-301F-11D3-BF4B-00C04F79EFBC}") = "WeaSWAT", "WeaSWAT\WeaSWAT.csproj", "{A08EA3FB-E90C-4772-9CCD-C2255D4B9FEE}"
	ProjectSection(ProjectDependencies) = postProject
		{A857402A-C282-4E40-A6B1-10D4D413914C} = {A857402A-C282-4E40-A6B1-10D4D413914C}
		{22888497-60ED-4792-936A-91131B7629DD} = {22888497-60ED-4792-936A-91131B7629DD}
	EndProjectSection
EndProject
Project("{F184B08F-C81C-45F6-A57F-5ABD9991F28F}") = "SWATWriteWea", "SWATWriteWea\SWATWriteWea.vbproj", "{22888497-60ED-4792-936A-91131B7629DD}"
EndProject
Project("{FAE04EC0-301F-11D3-BF4B-00C04F79EFBC}") = "WeaEFDC", "WeaEFDC\WeaEFDC.csproj", "{B0CF819D-094B-4B09-A0AE-BBCAB05C4E49}"
	ProjectSection(ProjectDependencies) = postProject
		{A857402A-C282-4E40-A6B1-10D4D413914C} = {A857402A-C282-4E40-A6B1-10D4D413914C}
		{882C4EAA-ECBC-432A-9982-862ABCAB0973} = {882C4EAA-ECBC-432A-9982-862ABCAB0973}
	EndProjectSection
EndProject
Project("{F184B08F-C81C-45F6-A57F-5ABD9991F28F}") = "EFDCWriteWea", "EFDCWriteWea\EFDCWriteWea.vbproj", "{CE4DEC6F-A549-4DB3-AD86-B243D3D88BFE}"
EndProject
Project("{FAE04EC0-301F-11D3-BF4B-00C04F79EFBC}") = "WeaEstimate", "WeaEstimate\WeaEstimate.csproj", "{6FE8EB85-79B4-4B60-A662-C84CD42B99F9}"
EndProject
Project("{FAE04EC0-301F-11D3-BF4B-00C04F79EFBC}") = "WeaWDM", "WeaWDM\WeaWDM.csproj", "{A857402A-C282-4E40-A6B1-10D4D413914C}"
EndProject
Project("{FAE04EC0-301F-11D3-BF4B-00C04F79EFBC}") = "WeaModel", "WeaModel\WeaModel.csproj", "{EC9CAC39-6D2A-4EE9-80CD-8E5FB3FFFC77}"
EndProject
Project("{FAE04EC0-301F-11D3-BF4B-00C04F79EFBC}") = "WeaSDB", "WeaDB\WeaSDB.csproj", "{5D8E5999-9864-4E6B-81D1-9397BE1F7972}"
	ProjectSection(ProjectDependencies) = postProject
		{A857402A-C282-4E40-A6B1-10D4D413914C} = {A857402A-C282-4E40-A6B1-10D4D413914C}
	EndProjectSection
EndProject
Project("{FAE04EC0-301F-11D3-BF4B-00C04F79EFBC}") = "WeaModelSDB", "WeaModelSDB\WeaModelSDB.csproj", "{466B0C48-6C7A-471A-9750-37EC949E9545}"
EndProject
Project("{FAE04EC0-301F-11D3-BF4B-00C04F79EFBC}") = "WeaGen", "WeaGen\WeaGen.csproj", "{D65D03D2-E78F-4841-A4C5-DB6A83D8C9A9}"
	ProjectSection(ProjectDependencies) = postProject
		{EC9CAC39-6D2A-4EE9-80CD-8E5FB3FFFC77} = {EC9CAC39-6D2A-4EE9-80CD-8E5FB3FFFC77}
		{466B0C48-6C7A-471A-9750-37EC949E9545} = {466B0C48-6C7A-471A-9750-37EC949E9545}
	EndProjectSection
EndProject
Project("{FAE04EC0-301F-11D3-BF4B-00C04F79EFBC}") = "WeaWASP", "WeaWASP\WeaWASP.csproj", "{4F402FA3-18D3-4418-9FB2-C39C17BE503A}"
EndProject
Project("{2150E333-8FDC-42A3-9474-1A3956D46DE8}") = "atcRoutines", "atcRoutines", "{4628BE06-6871-4A49-8FEF-909B64D0280E}"
EndProject
Project("{F184B08F-C81C-45F6-A57F-5ABD9991F28F}") = "atcTimeseriesGDS15", "..\ATCROUTINES\atcTimeseriesGDS\atcTimeseriesGDS15.vbproj", "{7B904366-AFAB-46FD-9B50-D78D38E3B54B}"
EndProject
Project("{F184B08F-C81C-45F6-A57F-5ABD9991F28F}") = "atcUtility15", "..\ATCROUTINES\atcUtility\atcUtility15.vbproj", "{67027820-9036-481E-80F6-077E5085F59D}"
EndProject
Project("{F184B08F-C81C-45F6-A57F-5ABD9991F28F}") = "BASINS-MapWinUtility15", "..\ATCROUTINES\MapWinUtility\BASINS-MapWinUtility15.vbproj", "{33E88992-742F-4D13-823F-35D6A07B1AA1}"
EndProject
Project("{F184B08F-C81C-45F6-A57F-5ABD9991F28F}") = "atcControls15", "..\ATCROUTINES\atcControls\atcControls15.vbproj", "{B219575F-1541-41DB-9FA4-D9D7CD62B4A5}"
EndProject
Project("{F184B08F-C81C-45F6-A57F-5ABD9991F28F}") = "atcTimeseriesGLDS15", "..\ATCROUTINES\atcTimeseriesGLDS\atcTimeseriesGLDS15.vbproj", "{CF2D3442-16AA-46A4-BBF9-0634ADA3AE2D}"
EndProject
Project("{F184B08F-C81C-45F6-A57F-5ABD9991F28F}") = "WeaTimeSeries", "..\ATCROUTINES\WeaTimeSeries\WeaTimeSeries.vbproj", "{628E0E99-0302-4A5D-BD8A-E0B28B93AAA9}"
EndProject
Project("{F184B08F-C81C-45F6-A57F-5ABD9991F28F}") = "atcTimeseriesTRMM15", "..\ATCROUTINES\atcTimeseriesTRMM\atcTimeseriesTRMM15.vbproj", "{BB2247EF-4797-498A-B7D5-F1250CEFBD49}"
EndProject
Project("{F184B08F-C81C-45F6-A57F-5ABD9991F28F}") = "atcWDM15", "..\ATCROUTINES\atcWDM\atcWDM15.vbproj", "{F0F41E48-35ED-43F4-AB00-30252B0E5690}"
EndProject
Project("{F184B08F-C81C-45F6-A57F-5ABD9991F28F}") = "atcTimeseriesScript15", "..\ATCROUTINES\atcTimeseriesScript\atcTimeseriesScript15.vbproj", "{40DE1F29-3531-4BC2-9D7E-324DC92689DF}"
EndProject
Project("{F184B08F-C81C-45F6-A57F-5ABD9991F28F}") = "atcMetCmp15", "..\ATCROUTINES\atcMetCmp\atcMetCmp15.vbproj", "{72264BDC-23F5-4A55-B53D-0752099CB263}"
EndProject
Project("{F184B08F-C81C-45F6-A57F-5ABD9991F28F}") = "D4EM.Data.MetCmp", "..\ATCROUTINES\D4EM.Data.MetCmp\D4EM.Data.MetCmp.vbproj", "{7E0E3306-36A9-4E26-BCF5-727D3C1336BB}"
EndProject
Project("{F184B08F-C81C-45F6-A57F-5ABD9991F28F}") = "atcTimeseriesNCDC15", "..\ATCROUTINES\atcTimeseriesNCDC\atcTimeseriesNCDC15.vbproj", "{2AA4FCFA-94D1-47C5-B515-E417DA3AF8DC}"
	ProjectSection(ProjectDependencies) = postProject
		{67027820-9036-481E-80F6-077E5085F59D} = {67027820-9036-481E-80F6-077E5085F59D}
		{33E88992-742F-4D13-823F-35D6A07B1AA1} = {33E88992-742F-4D13-823F-35D6A07B1AA1}
		{A9A00CAD-9EAD-4228-AB08-6DC3BAF253AA} = {A9A00CAD-9EAD-4228-AB08-6DC3BAF253AA}
	EndProjectSection
EndProject
Project("{F184B08F-C81C-45F6-A57F-5ABD9991F28F}") = "atcData15", "..\ATCROUTINES\atcData\atcData15.vbproj", "{A9A00CAD-9EAD-4228-AB08-6DC3BAF253AA}"
EndProject
Project("{F184B08F-C81C-45F6-A57F-5ABD9991F28F}") = "WeaCompUtil", "WeaCompUtil\WeaCompUtil.vbproj", "{8B945D8B-4F75-4E86-90D1-C1B1B71608BD}"
EndProject
Project("{FAE04EC0-301F-11D3-BF4B-00C04F79EFBC}") = "MapWinInterfaces", "..\ATCROUTINES\MapWinInterfacesNoOCX\MapWinInterfaces.csproj", "{A1583DF6-2344-4204-9983-AD3C95E104AB}"
EndProject
Global
	GlobalSection(SolutionConfigurationPlatforms) = preSolution
		CD_ROM|Any CPU = CD_ROM|Any CPU
		CD_ROM|x64 = CD_ROM|x64
		CD_ROM|x86 = CD_ROM|x86
		Debug|Any CPU = Debug|Any CPU
		Debug|x64 = Debug|x64
		Debug|x86 = Debug|x86
		DVD-5|Any CPU = DVD-5|Any CPU
		DVD-5|x64 = DVD-5|x64
		DVD-5|x86 = DVD-5|x86
		Release|Any CPU = Release|Any CPU
		Release|x64 = Release|x64
		Release|x86 = Release|x86
		SingleImage|Any CPU = SingleImage|Any CPU
		SingleImage|x64 = SingleImage|x64
		SingleImage|x86 = SingleImage|x86
	EndGlobalSection
	GlobalSection(ProjectConfigurationPlatforms) = postSolution
		{001BD642-AA97-47F0-B02A-3602DF9B228D}.CD_ROM|Any CPU.ActiveCfg = Release|Any CPU
		{001BD642-AA97-47F0-B02A-3602DF9B228D}.CD_ROM|Any CPU.Build.0 = Release|Any CPU
		{001BD642-AA97-47F0-B02A-3602DF9B228D}.CD_ROM|x64.ActiveCfg = Release|x64
		{001BD642-AA97-47F0-B02A-3602DF9B228D}.CD_ROM|x64.Build.0 = Release|x64
		{001BD642-AA97-47F0-B02A-3602DF9B228D}.CD_ROM|x86.ActiveCfg = Debug|Any CPU
		{001BD642-AA97-47F0-B02A-3602DF9B228D}.CD_ROM|x86.Build.0 = Debug|Any CPU
		{001BD642-AA97-47F0-B02A-3602DF9B228D}.Debug|Any CPU.ActiveCfg = Debug|Any CPU
		{001BD642-AA97-47F0-B02A-3602DF9B228D}.Debug|Any CPU.Build.0 = Debug|Any CPU
		{001BD642-AA97-47F0-B02A-3602DF9B228D}.Debug|x64.ActiveCfg = Debug|x64
		{001BD642-AA97-47F0-B02A-3602DF9B228D}.Debug|x64.Build.0 = Debug|x64
		{001BD642-AA97-47F0-B02A-3602DF9B228D}.Debug|x86.ActiveCfg = Debug|Any CPU
		{001BD642-AA97-47F0-B02A-3602DF9B228D}.Debug|x86.Build.0 = Debug|Any CPU
		{001BD642-AA97-47F0-B02A-3602DF9B228D}.DVD-5|Any CPU.ActiveCfg = Debug|Any CPU
		{001BD642-AA97-47F0-B02A-3602DF9B228D}.DVD-5|Any CPU.Build.0 = Debug|Any CPU
		{001BD642-AA97-47F0-B02A-3602DF9B228D}.DVD-5|x64.ActiveCfg = Debug|x64
		{001BD642-AA97-47F0-B02A-3602DF9B228D}.DVD-5|x64.Build.0 = Debug|x64
		{001BD642-AA97-47F0-B02A-3602DF9B228D}.DVD-5|x86.ActiveCfg = Debug|Any CPU
		{001BD642-AA97-47F0-B02A-3602DF9B228D}.DVD-5|x86.Build.0 = Debug|Any CPU
		{001BD642-AA97-47F0-B02A-3602DF9B228D}.Release|Any CPU.ActiveCfg = Release|Any CPU
		{001BD642-AA97-47F0-B02A-3602DF9B228D}.Release|Any CPU.Build.0 = Release|Any CPU
		{001BD642-AA97-47F0-B02A-3602DF9B228D}.Release|x64.ActiveCfg = Release|x64
		{001BD642-AA97-47F0-B02A-3602DF9B228D}.Release|x64.Build.0 = Release|x64
		{001BD642-AA97-47F0-B02A-3602DF9B228D}.Release|x86.ActiveCfg = Release|Any CPU
		{001BD642-AA97-47F0-B02A-3602DF9B228D}.Release|x86.Build.0 = Release|Any CPU
		{001BD642-AA97-47F0-B02A-3602DF9B228D}.SingleImage|Any CPU.ActiveCfg = Release|Any CPU
		{001BD642-AA97-47F0-B02A-3602DF9B228D}.SingleImage|Any CPU.Build.0 = Release|Any CPU
		{001BD642-AA97-47F0-B02A-3602DF9B228D}.SingleImage|x64.ActiveCfg = Release|x64
		{001BD642-AA97-47F0-B02A-3602DF9B228D}.SingleImage|x64.Build.0 = Release|x64
		{001BD642-AA97-47F0-B02A-3602DF9B228D}.SingleImage|x86.ActiveCfg = Debug|Any CPU
		{001BD642-AA97-47F0-B02A-3602DF9B228D}.SingleImage|x86.Build.0 = Debug|Any CPU
		{AD66C5FC-9825-48D2-8658-9965E6647254}.CD_ROM|Any CPU.ActiveCfg = Release|Any CPU
		{AD66C5FC-9825-48D2-8658-9965E6647254}.CD_ROM|Any CPU.Build.0 = Release|Any CPU
		{AD66C5FC-9825-48D2-8658-9965E6647254}.CD_ROM|x64.ActiveCfg = Release|Any CPU
		{AD66C5FC-9825-48D2-8658-9965E6647254}.CD_ROM|x64.Build.0 = Release|Any CPU
		{AD66C5FC-9825-48D2-8658-9965E6647254}.CD_ROM|x86.ActiveCfg = Debug|Any CPU
		{AD66C5FC-9825-48D2-8658-9965E6647254}.CD_ROM|x86.Build.0 = Debug|Any CPU
		{AD66C5FC-9825-48D2-8658-9965E6647254}.Debug|Any CPU.ActiveCfg = Debug|Any CPU
		{AD66C5FC-9825-48D2-8658-9965E6647254}.Debug|Any CPU.Build.0 = Debug|Any CPU
		{AD66C5FC-9825-48D2-8658-9965E6647254}.Debug|x64.ActiveCfg = Debug|Any CPU
		{AD66C5FC-9825-48D2-8658-9965E6647254}.Debug|x64.Build.0 = Debug|Any CPU
		{AD66C5FC-9825-48D2-8658-9965E6647254}.Debug|x86.ActiveCfg = Debug|Any CPU
		{AD66C5FC-9825-48D2-8658-9965E6647254}.Debug|x86.Build.0 = Debug|Any CPU
		{AD66C5FC-9825-48D2-8658-9965E6647254}.DVD-5|Any CPU.ActiveCfg = Debug|Any CPU
		{AD66C5FC-9825-48D2-8658-9965E6647254}.DVD-5|Any CPU.Build.0 = Debug|Any CPU
		{AD66C5FC-9825-48D2-8658-9965E6647254}.DVD-5|x64.ActiveCfg = Debug|Any CPU
		{AD66C5FC-9825-48D2-8658-9965E6647254}.DVD-5|x64.Build.0 = Debug|Any CPU
		{AD66C5FC-9825-48D2-8658-9965E6647254}.DVD-5|x86.ActiveCfg = Debug|Any CPU
		{AD66C5FC-9825-48D2-8658-9965E6647254}.DVD-5|x86.Build.0 = Debug|Any CPU
		{AD66C5FC-9825-48D2-8658-9965E6647254}.Release|Any CPU.ActiveCfg = Release|Any CPU
		{AD66C5FC-9825-48D2-8658-9965E6647254}.Release|Any CPU.Build.0 = Release|Any CPU
		{AD66C5FC-9825-48D2-8658-9965E6647254}.Release|x64.ActiveCfg = Release|Any CPU
		{AD66C5FC-9825-48D2-8658-9965E6647254}.Release|x64.Build.0 = Release|Any CPU
		{AD66C5FC-9825-48D2-8658-9965E6647254}.Release|x86.ActiveCfg = Release|Any CPU
		{AD66C5FC-9825-48D2-8658-9965E6647254}.Release|x86.Build.0 = Release|Any CPU
		{AD66C5FC-9825-48D2-8658-9965E6647254}.SingleImage|Any CPU.ActiveCfg = Release|Any CPU
		{AD66C5FC-9825-48D2-8658-9965E6647254}.SingleImage|Any CPU.Build.0 = Release|Any CPU
		{AD66C5FC-9825-48D2-8658-9965E6647254}.SingleImage|x64.ActiveCfg = Release|Any CPU
		{AD66C5FC-9825-48D2-8658-9965E6647254}.SingleImage|x64.Build.0 = Release|Any CPU
		{AD66C5FC-9825-48D2-8658-9965E6647254}.SingleImage|x86.ActiveCfg = Debug|Any CPU
		{AD66C5FC-9825-48D2-8658-9965E6647254}.SingleImage|x86.Build.0 = Debug|Any CPU
		{9B5DBB77-B0FD-4CCF-A394-1C89FCEB053E}.CD_ROM|Any CPU.ActiveCfg = Release|Any CPU
		{9B5DBB77-B0FD-4CCF-A394-1C89FCEB053E}.CD_ROM|Any CPU.Build.0 = Release|Any CPU
		{9B5DBB77-B0FD-4CCF-A394-1C89FCEB053E}.CD_ROM|x64.ActiveCfg = Release|Any CPU
		{9B5DBB77-B0FD-4CCF-A394-1C89FCEB053E}.CD_ROM|x64.Build.0 = Release|Any CPU
		{9B5DBB77-B0FD-4CCF-A394-1C89FCEB053E}.CD_ROM|x86.ActiveCfg = Debug|Any CPU
		{9B5DBB77-B0FD-4CCF-A394-1C89FCEB053E}.CD_ROM|x86.Build.0 = Debug|Any CPU
		{9B5DBB77-B0FD-4CCF-A394-1C89FCEB053E}.Debug|Any CPU.ActiveCfg = Debug|Any CPU
		{9B5DBB77-B0FD-4CCF-A394-1C89FCEB053E}.Debug|Any CPU.Build.0 = Debug|Any CPU
		{9B5DBB77-B0FD-4CCF-A394-1C89FCEB053E}.Debug|x64.ActiveCfg = Debug|Any CPU
		{9B5DBB77-B0FD-4CCF-A394-1C89FCEB053E}.Debug|x64.Build.0 = Debug|Any CPU
		{9B5DBB77-B0FD-4CCF-A394-1C89FCEB053E}.Debug|x86.ActiveCfg = Debug|Any CPU
		{9B5DBB77-B0FD-4CCF-A394-1C89FCEB053E}.Debug|x86.Build.0 = Debug|Any CPU
		{9B5DBB77-B0FD-4CCF-A394-1C89FCEB053E}.DVD-5|Any CPU.ActiveCfg = Debug|Any CPU
		{9B5DBB77-B0FD-4CCF-A394-1C89FCEB053E}.DVD-5|Any CPU.Build.0 = Debug|Any CPU
		{9B5DBB77-B0FD-4CCF-A394-1C89FCEB053E}.DVD-5|x64.ActiveCfg = Debug|Any CPU
		{9B5DBB77-B0FD-4CCF-A394-1C89FCEB053E}.DVD-5|x64.Build.0 = Debug|Any CPU
		{9B5DBB77-B0FD-4CCF-A394-1C89FCEB053E}.DVD-5|x86.ActiveCfg = Debug|Any CPU
		{9B5DBB77-B0FD-4CCF-A394-1C89FCEB053E}.DVD-5|x86.Build.0 = Debug|Any CPU
		{9B5DBB77-B0FD-4CCF-A394-1C89FCEB053E}.Release|Any CPU.ActiveCfg = Release|Any CPU
		{9B5DBB77-B0FD-4CCF-A394-1C89FCEB053E}.Release|Any CPU.Build.0 = Release|Any CPU
		{9B5DBB77-B0FD-4CCF-A394-1C89FCEB053E}.Release|x64.ActiveCfg = Release|Any CPU
		{9B5DBB77-B0FD-4CCF-A394-1C89FCEB053E}.Release|x64.Build.0 = Release|Any CPU
		{9B5DBB77-B0FD-4CCF-A394-1C89FCEB053E}.Release|x86.ActiveCfg = Release|Any CPU
		{9B5DBB77-B0FD-4CCF-A394-1C89FCEB053E}.Release|x86.Build.0 = Release|Any CPU
		{9B5DBB77-B0FD-4CCF-A394-1C89FCEB053E}.SingleImage|Any CPU.ActiveCfg = Release|Any CPU
		{9B5DBB77-B0FD-4CCF-A394-1C89FCEB053E}.SingleImage|Any CPU.Build.0 = Release|Any CPU
		{9B5DBB77-B0FD-4CCF-A394-1C89FCEB053E}.SingleImage|x64.ActiveCfg = Release|Any CPU
		{9B5DBB77-B0FD-4CCF-A394-1C89FCEB053E}.SingleImage|x64.Build.0 = Release|Any CPU
		{9B5DBB77-B0FD-4CCF-A394-1C89FCEB053E}.SingleImage|x86.ActiveCfg = Debug|Any CPU
		{9B5DBB77-B0FD-4CCF-A394-1C89FCEB053E}.SingleImage|x86.Build.0 = Debug|Any CPU
		{EBC6CD84-CBCA-492A-A752-0F88459DE017}.CD_ROM|Any CPU.ActiveCfg = Release|Any CPU
		{EBC6CD84-CBCA-492A-A752-0F88459DE017}.CD_ROM|Any CPU.Build.0 = Release|Any CPU
		{EBC6CD84-CBCA-492A-A752-0F88459DE017}.CD_ROM|x64.ActiveCfg = Release|Any CPU
		{EBC6CD84-CBCA-492A-A752-0F88459DE017}.CD_ROM|x64.Build.0 = Release|Any CPU
		{EBC6CD84-CBCA-492A-A752-0F88459DE017}.CD_ROM|x86.ActiveCfg = Debug|Any CPU
		{EBC6CD84-CBCA-492A-A752-0F88459DE017}.CD_ROM|x86.Build.0 = Debug|Any CPU
		{EBC6CD84-CBCA-492A-A752-0F88459DE017}.Debug|Any CPU.ActiveCfg = Debug|Any CPU
		{EBC6CD84-CBCA-492A-A752-0F88459DE017}.Debug|Any CPU.Build.0 = Debug|Any CPU
		{EBC6CD84-CBCA-492A-A752-0F88459DE017}.Debug|x64.ActiveCfg = Debug|Any CPU
		{EBC6CD84-CBCA-492A-A752-0F88459DE017}.Debug|x64.Build.0 = Debug|Any CPU
		{EBC6CD84-CBCA-492A-A752-0F88459DE017}.Debug|x86.ActiveCfg = Debug|Any CPU
		{EBC6CD84-CBCA-492A-A752-0F88459DE017}.Debug|x86.Build.0 = Debug|Any CPU
		{EBC6CD84-CBCA-492A-A752-0F88459DE017}.DVD-5|Any CPU.ActiveCfg = Debug|Any CPU
		{EBC6CD84-CBCA-492A-A752-0F88459DE017}.DVD-5|Any CPU.Build.0 = Debug|Any CPU
		{EBC6CD84-CBCA-492A-A752-0F88459DE017}.DVD-5|x64.ActiveCfg = Debug|Any CPU
		{EBC6CD84-CBCA-492A-A752-0F88459DE017}.DVD-5|x64.Build.0 = Debug|Any CPU
		{EBC6CD84-CBCA-492A-A752-0F88459DE017}.DVD-5|x86.ActiveCfg = Debug|Any CPU
		{EBC6CD84-CBCA-492A-A752-0F88459DE017}.DVD-5|x86.Build.0 = Debug|Any CPU
		{EBC6CD84-CBCA-492A-A752-0F88459DE017}.Release|Any CPU.ActiveCfg = Release|Any CPU
		{EBC6CD84-CBCA-492A-A752-0F88459DE017}.Release|Any CPU.Build.0 = Release|Any CPU
		{EBC6CD84-CBCA-492A-A752-0F88459DE017}.Release|x64.ActiveCfg = Release|Any CPU
		{EBC6CD84-CBCA-492A-A752-0F88459DE017}.Release|x64.Build.0 = Release|Any CPU
		{EBC6CD84-CBCA-492A-A752-0F88459DE017}.Release|x86.ActiveCfg = Release|Any CPU
		{EBC6CD84-CBCA-492A-A752-0F88459DE017}.Release|x86.Build.0 = Release|Any CPU
		{EBC6CD84-CBCA-492A-A752-0F88459DE017}.SingleImage|Any CPU.ActiveCfg = Release|Any CPU
		{EBC6CD84-CBCA-492A-A752-0F88459DE017}.SingleImage|Any CPU.Build.0 = Release|Any CPU
		{EBC6CD84-CBCA-492A-A752-0F88459DE017}.SingleImage|x64.ActiveCfg = Release|Any CPU
		{EBC6CD84-CBCA-492A-A752-0F88459DE017}.SingleImage|x64.Build.0 = Release|Any CPU
		{EBC6CD84-CBCA-492A-A752-0F88459DE017}.SingleImage|x86.ActiveCfg = Debug|Any CPU
		{EBC6CD84-CBCA-492A-A752-0F88459DE017}.SingleImage|x86.Build.0 = Debug|Any CPU
		{02121F18-D4E5-49C4-BE9B-7FCCD99956A5}.CD_ROM|Any CPU.ActiveCfg = Release|Any CPU
		{02121F18-D4E5-49C4-BE9B-7FCCD99956A5}.CD_ROM|Any CPU.Build.0 = Release|Any CPU
		{02121F18-D4E5-49C4-BE9B-7FCCD99956A5}.CD_ROM|x64.ActiveCfg = Release|Any CPU
		{02121F18-D4E5-49C4-BE9B-7FCCD99956A5}.CD_ROM|x64.Build.0 = Release|Any CPU
		{02121F18-D4E5-49C4-BE9B-7FCCD99956A5}.CD_ROM|x86.ActiveCfg = Debug|Any CPU
		{02121F18-D4E5-49C4-BE9B-7FCCD99956A5}.CD_ROM|x86.Build.0 = Debug|Any CPU
		{02121F18-D4E5-49C4-BE9B-7FCCD99956A5}.Debug|Any CPU.ActiveCfg = Debug|Any CPU
		{02121F18-D4E5-49C4-BE9B-7FCCD99956A5}.Debug|Any CPU.Build.0 = Debug|Any CPU
		{02121F18-D4E5-49C4-BE9B-7FCCD99956A5}.Debug|x64.ActiveCfg = Debug|Any CPU
		{02121F18-D4E5-49C4-BE9B-7FCCD99956A5}.Debug|x64.Build.0 = Debug|Any CPU
		{02121F18-D4E5-49C4-BE9B-7FCCD99956A5}.Debug|x86.ActiveCfg = Debug|Any CPU
		{02121F18-D4E5-49C4-BE9B-7FCCD99956A5}.Debug|x86.Build.0 = Debug|Any CPU
		{02121F18-D4E5-49C4-BE9B-7FCCD99956A5}.DVD-5|Any CPU.ActiveCfg = Debug|Any CPU
		{02121F18-D4E5-49C4-BE9B-7FCCD99956A5}.DVD-5|Any CPU.Build.0 = Debug|Any CPU
		{02121F18-D4E5-49C4-BE9B-7FCCD99956A5}.DVD-5|x64.ActiveCfg = Debug|Any CPU
		{02121F18-D4E5-49C4-BE9B-7FCCD99956A5}.DVD-5|x64.Build.0 = Debug|Any CPU
		{02121F18-D4E5-49C4-BE9B-7FCCD99956A5}.DVD-5|x86.ActiveCfg = Debug|Any CPU
		{02121F18-D4E5-49C4-BE9B-7FCCD99956A5}.DVD-5|x86.Build.0 = Debug|Any CPU
		{02121F18-D4E5-49C4-BE9B-7FCCD99956A5}.Release|Any CPU.ActiveCfg = Release|Any CPU
		{02121F18-D4E5-49C4-BE9B-7FCCD99956A5}.Release|Any CPU.Build.0 = Release|Any CPU
		{02121F18-D4E5-49C4-BE9B-7FCCD99956A5}.Release|x64.ActiveCfg = Release|Any CPU
		{02121F18-D4E5-49C4-BE9B-7FCCD99956A5}.Release|x64.Build.0 = Release|Any CPU
		{02121F18-D4E5-49C4-BE9B-7FCCD99956A5}.Release|x86.ActiveCfg = Release|Any CPU
		{02121F18-D4E5-49C4-BE9B-7FCCD99956A5}.Release|x86.Build.0 = Release|Any CPU
		{02121F18-D4E5-49C4-BE9B-7FCCD99956A5}.SingleImage|Any CPU.ActiveCfg = Release|Any CPU
		{02121F18-D4E5-49C4-BE9B-7FCCD99956A5}.SingleImage|Any CPU.Build.0 = Release|Any CPU
		{02121F18-D4E5-49C4-BE9B-7FCCD99956A5}.SingleImage|x64.ActiveCfg = Release|Any CPU
		{02121F18-D4E5-49C4-BE9B-7FCCD99956A5}.SingleImage|x64.Build.0 = Release|Any CPU
		{02121F18-D4E5-49C4-BE9B-7FCCD99956A5}.SingleImage|x86.ActiveCfg = Debug|Any CPU
		{02121F18-D4E5-49C4-BE9B-7FCCD99956A5}.SingleImage|x86.Build.0 = Debug|Any CPU
		{70E66141-24F6-47EA-A86E-58AE2FAB819B}.CD_ROM|Any CPU.ActiveCfg = Release|Any CPU
		{70E66141-24F6-47EA-A86E-58AE2FAB819B}.CD_ROM|Any CPU.Build.0 = Release|Any CPU
		{70E66141-24F6-47EA-A86E-58AE2FAB819B}.CD_ROM|x64.ActiveCfg = Release|Any CPU
		{70E66141-24F6-47EA-A86E-58AE2FAB819B}.CD_ROM|x64.Build.0 = Release|Any CPU
		{70E66141-24F6-47EA-A86E-58AE2FAB819B}.CD_ROM|x86.ActiveCfg = Debug|Any CPU
		{70E66141-24F6-47EA-A86E-58AE2FAB819B}.CD_ROM|x86.Build.0 = Debug|Any CPU
		{70E66141-24F6-47EA-A86E-58AE2FAB819B}.Debug|Any CPU.ActiveCfg = Debug|Any CPU
		{70E66141-24F6-47EA-A86E-58AE2FAB819B}.Debug|Any CPU.Build.0 = Debug|Any CPU
		{70E66141-24F6-47EA-A86E-58AE2FAB819B}.Debug|x64.ActiveCfg = Debug|Any CPU
		{70E66141-24F6-47EA-A86E-58AE2FAB819B}.Debug|x64.Build.0 = Debug|Any CPU
		{70E66141-24F6-47EA-A86E-58AE2FAB819B}.Debug|x86.ActiveCfg = Debug|Any CPU
		{70E66141-24F6-47EA-A86E-58AE2FAB819B}.Debug|x86.Build.0 = Debug|Any CPU
		{70E66141-24F6-47EA-A86E-58AE2FAB819B}.DVD-5|Any CPU.ActiveCfg = Debug|Any CPU
		{70E66141-24F6-47EA-A86E-58AE2FAB819B}.DVD-5|Any CPU.Build.0 = Debug|Any CPU
		{70E66141-24F6-47EA-A86E-58AE2FAB819B}.DVD-5|x64.ActiveCfg = Debug|Any CPU
		{70E66141-24F6-47EA-A86E-58AE2FAB819B}.DVD-5|x64.Build.0 = Debug|Any CPU
		{70E66141-24F6-47EA-A86E-58AE2FAB819B}.DVD-5|x86.ActiveCfg = Debug|Any CPU
		{70E66141-24F6-47EA-A86E-58AE2FAB819B}.DVD-5|x86.Build.0 = Debug|Any CPU
		{70E66141-24F6-47EA-A86E-58AE2FAB819B}.Release|Any CPU.ActiveCfg = Release|Any CPU
		{70E66141-24F6-47EA-A86E-58AE2FAB819B}.Release|Any CPU.Build.0 = Release|Any CPU
		{70E66141-24F6-47EA-A86E-58AE2FAB819B}.Release|x64.ActiveCfg = Release|Any CPU
		{70E66141-24F6-47EA-A86E-58AE2FAB819B}.Release|x64.Build.0 = Release|Any CPU
		{70E66141-24F6-47EA-A86E-58AE2FAB819B}.Release|x86.ActiveCfg = Release|Any CPU
		{70E66141-24F6-47EA-A86E-58AE2FAB819B}.Release|x86.Build.0 = Release|Any CPU
		{70E66141-24F6-47EA-A86E-58AE2FAB819B}.SingleImage|Any CPU.ActiveCfg = Release|Any CPU
		{70E66141-24F6-47EA-A86E-58AE2FAB819B}.SingleImage|Any CPU.Build.0 = Release|Any CPU
		{70E66141-24F6-47EA-A86E-58AE2FAB819B}.SingleImage|x64.ActiveCfg = Release|Any CPU
		{70E66141-24F6-47EA-A86E-58AE2FAB819B}.SingleImage|x64.Build.0 = Release|Any CPU
		{70E66141-24F6-47EA-A86E-58AE2FAB819B}.SingleImage|x86.ActiveCfg = Debug|Any CPU
		{70E66141-24F6-47EA-A86E-58AE2FAB819B}.SingleImage|x86.Build.0 = Debug|Any CPU
		{882C4EAA-ECBC-432A-9982-862ABCAB0973}.CD_ROM|Any CPU.ActiveCfg = Release|Any CPU
		{882C4EAA-ECBC-432A-9982-862ABCAB0973}.CD_ROM|Any CPU.Build.0 = Release|Any CPU
		{882C4EAA-ECBC-432A-9982-862ABCAB0973}.CD_ROM|x64.ActiveCfg = Release|Any CPU
		{882C4EAA-ECBC-432A-9982-862ABCAB0973}.CD_ROM|x64.Build.0 = Release|Any CPU
		{882C4EAA-ECBC-432A-9982-862ABCAB0973}.CD_ROM|x86.ActiveCfg = Release|Any CPU
		{882C4EAA-ECBC-432A-9982-862ABCAB0973}.CD_ROM|x86.Build.0 = Release|Any CPU
		{882C4EAA-ECBC-432A-9982-862ABCAB0973}.Debug|Any CPU.ActiveCfg = Debug|Any CPU
		{882C4EAA-ECBC-432A-9982-862ABCAB0973}.Debug|Any CPU.Build.0 = Debug|Any CPU
		{882C4EAA-ECBC-432A-9982-862ABCAB0973}.Debug|x64.ActiveCfg = Debug|Any CPU
		{882C4EAA-ECBC-432A-9982-862ABCAB0973}.Debug|x64.Build.0 = Debug|Any CPU
		{882C4EAA-ECBC-432A-9982-862ABCAB0973}.Debug|x86.ActiveCfg = Debug|Any CPU
		{882C4EAA-ECBC-432A-9982-862ABCAB0973}.Debug|x86.Build.0 = Debug|Any CPU
		{882C4EAA-ECBC-432A-9982-862ABCAB0973}.DVD-5|Any CPU.ActiveCfg = Debug|Any CPU
		{882C4EAA-ECBC-432A-9982-862ABCAB0973}.DVD-5|Any CPU.Build.0 = Debug|Any CPU
		{882C4EAA-ECBC-432A-9982-862ABCAB0973}.DVD-5|x64.ActiveCfg = Debug|Any CPU
		{882C4EAA-ECBC-432A-9982-862ABCAB0973}.DVD-5|x64.Build.0 = Debug|Any CPU
		{882C4EAA-ECBC-432A-9982-862ABCAB0973}.DVD-5|x86.ActiveCfg = Debug|Any CPU
		{882C4EAA-ECBC-432A-9982-862ABCAB0973}.DVD-5|x86.Build.0 = Debug|Any CPU
		{882C4EAA-ECBC-432A-9982-862ABCAB0973}.Release|Any CPU.ActiveCfg = Release|Any CPU
		{882C4EAA-ECBC-432A-9982-862ABCAB0973}.Release|Any CPU.Build.0 = Release|Any CPU
		{882C4EAA-ECBC-432A-9982-862ABCAB0973}.Release|x64.ActiveCfg = Release|Any CPU
		{882C4EAA-ECBC-432A-9982-862ABCAB0973}.Release|x64.Build.0 = Release|Any CPU
		{882C4EAA-ECBC-432A-9982-862ABCAB0973}.Release|x86.ActiveCfg = Release|Any CPU
		{882C4EAA-ECBC-432A-9982-862ABCAB0973}.Release|x86.Build.0 = Release|Any CPU
		{882C4EAA-ECBC-432A-9982-862ABCAB0973}.SingleImage|Any CPU.ActiveCfg = Release|Any CPU
		{882C4EAA-ECBC-432A-9982-862ABCAB0973}.SingleImage|Any CPU.Build.0 = Release|Any CPU
		{882C4EAA-ECBC-432A-9982-862ABCAB0973}.SingleImage|x64.ActiveCfg = Release|Any CPU
		{882C4EAA-ECBC-432A-9982-862ABCAB0973}.SingleImage|x64.Build.0 = Release|Any CPU
		{882C4EAA-ECBC-432A-9982-862ABCAB0973}.SingleImage|x86.ActiveCfg = Release|Any CPU
		{882C4EAA-ECBC-432A-9982-862ABCAB0973}.SingleImage|x86.Build.0 = Release|Any CPU
		{A08EA3FB-E90C-4772-9CCD-C2255D4B9FEE}.CD_ROM|Any CPU.ActiveCfg = Release|Any CPU
		{A08EA3FB-E90C-4772-9CCD-C2255D4B9FEE}.CD_ROM|Any CPU.Build.0 = Release|Any CPU
		{A08EA3FB-E90C-4772-9CCD-C2255D4B9FEE}.CD_ROM|x64.ActiveCfg = Release|Any CPU
		{A08EA3FB-E90C-4772-9CCD-C2255D4B9FEE}.CD_ROM|x64.Build.0 = Release|Any CPU
		{A08EA3FB-E90C-4772-9CCD-C2255D4B9FEE}.CD_ROM|x86.ActiveCfg = Release|Any CPU
		{A08EA3FB-E90C-4772-9CCD-C2255D4B9FEE}.CD_ROM|x86.Build.0 = Release|Any CPU
		{A08EA3FB-E90C-4772-9CCD-C2255D4B9FEE}.Debug|Any CPU.ActiveCfg = Debug|Any CPU
		{A08EA3FB-E90C-4772-9CCD-C2255D4B9FEE}.Debug|Any CPU.Build.0 = Debug|Any CPU
		{A08EA3FB-E90C-4772-9CCD-C2255D4B9FEE}.Debug|x64.ActiveCfg = Debug|Any CPU
		{A08EA3FB-E90C-4772-9CCD-C2255D4B9FEE}.Debug|x64.Build.0 = Debug|Any CPU
		{A08EA3FB-E90C-4772-9CCD-C2255D4B9FEE}.Debug|x86.ActiveCfg = Debug|Any CPU
		{A08EA3FB-E90C-4772-9CCD-C2255D4B9FEE}.Debug|x86.Build.0 = Debug|Any CPU
		{A08EA3FB-E90C-4772-9CCD-C2255D4B9FEE}.DVD-5|Any CPU.ActiveCfg = Debug|Any CPU
		{A08EA3FB-E90C-4772-9CCD-C2255D4B9FEE}.DVD-5|Any CPU.Build.0 = Debug|Any CPU
		{A08EA3FB-E90C-4772-9CCD-C2255D4B9FEE}.DVD-5|x64.ActiveCfg = Debug|Any CPU
		{A08EA3FB-E90C-4772-9CCD-C2255D4B9FEE}.DVD-5|x64.Build.0 = Debug|Any CPU
		{A08EA3FB-E90C-4772-9CCD-C2255D4B9FEE}.DVD-5|x86.ActiveCfg = Debug|Any CPU
		{A08EA3FB-E90C-4772-9CCD-C2255D4B9FEE}.DVD-5|x86.Build.0 = Debug|Any CPU
		{A08EA3FB-E90C-4772-9CCD-C2255D4B9FEE}.Release|Any CPU.ActiveCfg = Release|Any CPU
		{A08EA3FB-E90C-4772-9CCD-C2255D4B9FEE}.Release|Any CPU.Build.0 = Release|Any CPU
		{A08EA3FB-E90C-4772-9CCD-C2255D4B9FEE}.Release|x64.ActiveCfg = Release|Any CPU
		{A08EA3FB-E90C-4772-9CCD-C2255D4B9FEE}.Release|x64.Build.0 = Release|Any CPU
		{A08EA3FB-E90C-4772-9CCD-C2255D4B9FEE}.Release|x86.ActiveCfg = Release|Any CPU
		{A08EA3FB-E90C-4772-9CCD-C2255D4B9FEE}.Release|x86.Build.0 = Release|Any CPU
		{A08EA3FB-E90C-4772-9CCD-C2255D4B9FEE}.SingleImage|Any CPU.ActiveCfg = Release|Any CPU
		{A08EA3FB-E90C-4772-9CCD-C2255D4B9FEE}.SingleImage|Any CPU.Build.0 = Release|Any CPU
		{A08EA3FB-E90C-4772-9CCD-C2255D4B9FEE}.SingleImage|x64.ActiveCfg = Release|Any CPU
		{A08EA3FB-E90C-4772-9CCD-C2255D4B9FEE}.SingleImage|x64.Build.0 = Release|Any CPU
		{A08EA3FB-E90C-4772-9CCD-C2255D4B9FEE}.SingleImage|x86.ActiveCfg = Release|Any CPU
		{A08EA3FB-E90C-4772-9CCD-C2255D4B9FEE}.SingleImage|x86.Build.0 = Release|Any CPU
		{22888497-60ED-4792-936A-91131B7629DD}.CD_ROM|Any CPU.ActiveCfg = Release|Any CPU
		{22888497-60ED-4792-936A-91131B7629DD}.CD_ROM|Any CPU.Build.0 = Release|Any CPU
		{22888497-60ED-4792-936A-91131B7629DD}.CD_ROM|x64.ActiveCfg = Release|Any CPU
		{22888497-60ED-4792-936A-91131B7629DD}.CD_ROM|x64.Build.0 = Release|Any CPU
		{22888497-60ED-4792-936A-91131B7629DD}.CD_ROM|x86.ActiveCfg = Release|x86
		{22888497-60ED-4792-936A-91131B7629DD}.CD_ROM|x86.Build.0 = Release|x86
		{22888497-60ED-4792-936A-91131B7629DD}.Debug|Any CPU.ActiveCfg = Debug|Any CPU
		{22888497-60ED-4792-936A-91131B7629DD}.Debug|Any CPU.Build.0 = Debug|Any CPU
		{22888497-60ED-4792-936A-91131B7629DD}.Debug|x64.ActiveCfg = Debug|Any CPU
		{22888497-60ED-4792-936A-91131B7629DD}.Debug|x64.Build.0 = Debug|Any CPU
		{22888497-60ED-4792-936A-91131B7629DD}.Debug|x86.ActiveCfg = Debug|x86
		{22888497-60ED-4792-936A-91131B7629DD}.Debug|x86.Build.0 = Debug|x86
		{22888497-60ED-4792-936A-91131B7629DD}.DVD-5|Any CPU.ActiveCfg = Debug|Any CPU
		{22888497-60ED-4792-936A-91131B7629DD}.DVD-5|Any CPU.Build.0 = Debug|Any CPU
		{22888497-60ED-4792-936A-91131B7629DD}.DVD-5|x64.ActiveCfg = Debug|Any CPU
		{22888497-60ED-4792-936A-91131B7629DD}.DVD-5|x64.Build.0 = Debug|Any CPU
		{22888497-60ED-4792-936A-91131B7629DD}.DVD-5|x86.ActiveCfg = Debug|x86
		{22888497-60ED-4792-936A-91131B7629DD}.DVD-5|x86.Build.0 = Debug|x86
		{22888497-60ED-4792-936A-91131B7629DD}.Release|Any CPU.ActiveCfg = Release|Any CPU
		{22888497-60ED-4792-936A-91131B7629DD}.Release|Any CPU.Build.0 = Release|Any CPU
		{22888497-60ED-4792-936A-91131B7629DD}.Release|x64.ActiveCfg = Release|Any CPU
		{22888497-60ED-4792-936A-91131B7629DD}.Release|x64.Build.0 = Release|Any CPU
		{22888497-60ED-4792-936A-91131B7629DD}.Release|x86.ActiveCfg = Release|x86
		{22888497-60ED-4792-936A-91131B7629DD}.Release|x86.Build.0 = Release|x86
		{22888497-60ED-4792-936A-91131B7629DD}.SingleImage|Any CPU.ActiveCfg = Release|Any CPU
		{22888497-60ED-4792-936A-91131B7629DD}.SingleImage|Any CPU.Build.0 = Release|Any CPU
		{22888497-60ED-4792-936A-91131B7629DD}.SingleImage|x64.ActiveCfg = Release|Any CPU
		{22888497-60ED-4792-936A-91131B7629DD}.SingleImage|x64.Build.0 = Release|Any CPU
		{22888497-60ED-4792-936A-91131B7629DD}.SingleImage|x86.ActiveCfg = Release|x86
		{22888497-60ED-4792-936A-91131B7629DD}.SingleImage|x86.Build.0 = Release|x86
		{B0CF819D-094B-4B09-A0AE-BBCAB05C4E49}.CD_ROM|Any CPU.ActiveCfg = Release|Any CPU
		{B0CF819D-094B-4B09-A0AE-BBCAB05C4E49}.CD_ROM|Any CPU.Build.0 = Release|Any CPU
		{B0CF819D-094B-4B09-A0AE-BBCAB05C4E49}.CD_ROM|x64.ActiveCfg = Release|Any CPU
		{B0CF819D-094B-4B09-A0AE-BBCAB05C4E49}.CD_ROM|x64.Build.0 = Release|Any CPU
		{B0CF819D-094B-4B09-A0AE-BBCAB05C4E49}.CD_ROM|x86.ActiveCfg = Release|Any CPU
		{B0CF819D-094B-4B09-A0AE-BBCAB05C4E49}.CD_ROM|x86.Build.0 = Release|Any CPU
		{B0CF819D-094B-4B09-A0AE-BBCAB05C4E49}.Debug|Any CPU.ActiveCfg = Debug|Any CPU
		{B0CF819D-094B-4B09-A0AE-BBCAB05C4E49}.Debug|Any CPU.Build.0 = Debug|Any CPU
		{B0CF819D-094B-4B09-A0AE-BBCAB05C4E49}.Debug|x64.ActiveCfg = Debug|Any CPU
		{B0CF819D-094B-4B09-A0AE-BBCAB05C4E49}.Debug|x64.Build.0 = Debug|Any CPU
		{B0CF819D-094B-4B09-A0AE-BBCAB05C4E49}.Debug|x86.ActiveCfg = Debug|Any CPU
		{B0CF819D-094B-4B09-A0AE-BBCAB05C4E49}.Debug|x86.Build.0 = Debug|Any CPU
		{B0CF819D-094B-4B09-A0AE-BBCAB05C4E49}.DVD-5|Any CPU.ActiveCfg = Debug|Any CPU
		{B0CF819D-094B-4B09-A0AE-BBCAB05C4E49}.DVD-5|Any CPU.Build.0 = Debug|Any CPU
		{B0CF819D-094B-4B09-A0AE-BBCAB05C4E49}.DVD-5|x64.ActiveCfg = Debug|Any CPU
		{B0CF819D-094B-4B09-A0AE-BBCAB05C4E49}.DVD-5|x64.Build.0 = Debug|Any CPU
		{B0CF819D-094B-4B09-A0AE-BBCAB05C4E49}.DVD-5|x86.ActiveCfg = Debug|Any CPU
		{B0CF819D-094B-4B09-A0AE-BBCAB05C4E49}.DVD-5|x86.Build.0 = Debug|Any CPU
		{B0CF819D-094B-4B09-A0AE-BBCAB05C4E49}.Release|Any CPU.ActiveCfg = Release|Any CPU
		{B0CF819D-094B-4B09-A0AE-BBCAB05C4E49}.Release|Any CPU.Build.0 = Release|Any CPU
		{B0CF819D-094B-4B09-A0AE-BBCAB05C4E49}.Release|x64.ActiveCfg = Release|Any CPU
		{B0CF819D-094B-4B09-A0AE-BBCAB05C4E49}.Release|x64.Build.0 = Release|Any CPU
		{B0CF819D-094B-4B09-A0AE-BBCAB05C4E49}.Release|x86.ActiveCfg = Release|Any CPU
		{B0CF819D-094B-4B09-A0AE-BBCAB05C4E49}.Release|x86.Build.0 = Release|Any CPU
		{B0CF819D-094B-4B09-A0AE-BBCAB05C4E49}.SingleImage|Any CPU.ActiveCfg = Release|Any CPU
		{B0CF819D-094B-4B09-A0AE-BBCAB05C4E49}.SingleImage|Any CPU.Build.0 = Release|Any CPU
		{B0CF819D-094B-4B09-A0AE-BBCAB05C4E49}.SingleImage|x64.ActiveCfg = Release|Any CPU
		{B0CF819D-094B-4B09-A0AE-BBCAB05C4E49}.SingleImage|x64.Build.0 = Release|Any CPU
		{B0CF819D-094B-4B09-A0AE-BBCAB05C4E49}.SingleImage|x86.ActiveCfg = Release|Any CPU
		{B0CF819D-094B-4B09-A0AE-BBCAB05C4E49}.SingleImage|x86.Build.0 = Release|Any CPU
		{CE4DEC6F-A549-4DB3-AD86-B243D3D88BFE}.CD_ROM|Any CPU.ActiveCfg = Release|Any CPU
		{CE4DEC6F-A549-4DB3-AD86-B243D3D88BFE}.CD_ROM|Any CPU.Build.0 = Release|Any CPU
		{CE4DEC6F-A549-4DB3-AD86-B243D3D88BFE}.CD_ROM|x64.ActiveCfg = Release|Any CPU
		{CE4DEC6F-A549-4DB3-AD86-B243D3D88BFE}.CD_ROM|x64.Build.0 = Release|Any CPU
		{CE4DEC6F-A549-4DB3-AD86-B243D3D88BFE}.CD_ROM|x86.ActiveCfg = Release|x86
		{CE4DEC6F-A549-4DB3-AD86-B243D3D88BFE}.CD_ROM|x86.Build.0 = Release|x86
		{CE4DEC6F-A549-4DB3-AD86-B243D3D88BFE}.Debug|Any CPU.ActiveCfg = Debug|Any CPU
		{CE4DEC6F-A549-4DB3-AD86-B243D3D88BFE}.Debug|Any CPU.Build.0 = Debug|Any CPU
		{CE4DEC6F-A549-4DB3-AD86-B243D3D88BFE}.Debug|x64.ActiveCfg = Debug|Any CPU
		{CE4DEC6F-A549-4DB3-AD86-B243D3D88BFE}.Debug|x64.Build.0 = Debug|Any CPU
		{CE4DEC6F-A549-4DB3-AD86-B243D3D88BFE}.Debug|x86.ActiveCfg = Debug|x86
		{CE4DEC6F-A549-4DB3-AD86-B243D3D88BFE}.Debug|x86.Build.0 = Debug|x86
		{CE4DEC6F-A549-4DB3-AD86-B243D3D88BFE}.DVD-5|Any CPU.ActiveCfg = Debug|Any CPU
		{CE4DEC6F-A549-4DB3-AD86-B243D3D88BFE}.DVD-5|Any CPU.Build.0 = Debug|Any CPU
		{CE4DEC6F-A549-4DB3-AD86-B243D3D88BFE}.DVD-5|x64.ActiveCfg = Debug|Any CPU
		{CE4DEC6F-A549-4DB3-AD86-B243D3D88BFE}.DVD-5|x64.Build.0 = Debug|Any CPU
		{CE4DEC6F-A549-4DB3-AD86-B243D3D88BFE}.DVD-5|x86.ActiveCfg = Debug|x86
		{CE4DEC6F-A549-4DB3-AD86-B243D3D88BFE}.DVD-5|x86.Build.0 = Debug|x86
		{CE4DEC6F-A549-4DB3-AD86-B243D3D88BFE}.Release|Any CPU.ActiveCfg = Release|Any CPU
		{CE4DEC6F-A549-4DB3-AD86-B243D3D88BFE}.Release|Any CPU.Build.0 = Release|Any CPU
		{CE4DEC6F-A549-4DB3-AD86-B243D3D88BFE}.Release|x64.ActiveCfg = Release|Any CPU
		{CE4DEC6F-A549-4DB3-AD86-B243D3D88BFE}.Release|x64.Build.0 = Release|Any CPU
		{CE4DEC6F-A549-4DB3-AD86-B243D3D88BFE}.Release|x86.ActiveCfg = Release|x86
		{CE4DEC6F-A549-4DB3-AD86-B243D3D88BFE}.Release|x86.Build.0 = Release|x86
		{CE4DEC6F-A549-4DB3-AD86-B243D3D88BFE}.SingleImage|Any CPU.ActiveCfg = Release|Any CPU
		{CE4DEC6F-A549-4DB3-AD86-B243D3D88BFE}.SingleImage|Any CPU.Build.0 = Release|Any CPU
		{CE4DEC6F-A549-4DB3-AD86-B243D3D88BFE}.SingleImage|x64.ActiveCfg = Release|Any CPU
		{CE4DEC6F-A549-4DB3-AD86-B243D3D88BFE}.SingleImage|x64.Build.0 = Release|Any CPU
		{CE4DEC6F-A549-4DB3-AD86-B243D3D88BFE}.SingleImage|x86.ActiveCfg = Release|x86
		{CE4DEC6F-A549-4DB3-AD86-B243D3D88BFE}.SingleImage|x86.Build.0 = Release|x86
		{6FE8EB85-79B4-4B60-A662-C84CD42B99F9}.CD_ROM|Any CPU.ActiveCfg = Release|Any CPU
		{6FE8EB85-79B4-4B60-A662-C84CD42B99F9}.CD_ROM|Any CPU.Build.0 = Release|Any CPU
		{6FE8EB85-79B4-4B60-A662-C84CD42B99F9}.CD_ROM|x64.ActiveCfg = Release|Any CPU
		{6FE8EB85-79B4-4B60-A662-C84CD42B99F9}.CD_ROM|x64.Build.0 = Release|Any CPU
		{6FE8EB85-79B4-4B60-A662-C84CD42B99F9}.CD_ROM|x86.ActiveCfg = Release|Any CPU
		{6FE8EB85-79B4-4B60-A662-C84CD42B99F9}.CD_ROM|x86.Build.0 = Release|Any CPU
		{6FE8EB85-79B4-4B60-A662-C84CD42B99F9}.Debug|Any CPU.ActiveCfg = Debug|Any CPU
		{6FE8EB85-79B4-4B60-A662-C84CD42B99F9}.Debug|Any CPU.Build.0 = Debug|Any CPU
		{6FE8EB85-79B4-4B60-A662-C84CD42B99F9}.Debug|x64.ActiveCfg = Debug|Any CPU
		{6FE8EB85-79B4-4B60-A662-C84CD42B99F9}.Debug|x64.Build.0 = Debug|Any CPU
		{6FE8EB85-79B4-4B60-A662-C84CD42B99F9}.Debug|x86.ActiveCfg = Debug|Any CPU
		{6FE8EB85-79B4-4B60-A662-C84CD42B99F9}.Debug|x86.Build.0 = Debug|Any CPU
		{6FE8EB85-79B4-4B60-A662-C84CD42B99F9}.DVD-5|Any CPU.ActiveCfg = Debug|Any CPU
		{6FE8EB85-79B4-4B60-A662-C84CD42B99F9}.DVD-5|Any CPU.Build.0 = Debug|Any CPU
		{6FE8EB85-79B4-4B60-A662-C84CD42B99F9}.DVD-5|x64.ActiveCfg = Debug|Any CPU
		{6FE8EB85-79B4-4B60-A662-C84CD42B99F9}.DVD-5|x64.Build.0 = Debug|Any CPU
		{6FE8EB85-79B4-4B60-A662-C84CD42B99F9}.DVD-5|x86.ActiveCfg = Debug|Any CPU
		{6FE8EB85-79B4-4B60-A662-C84CD42B99F9}.DVD-5|x86.Build.0 = Debug|Any CPU
		{6FE8EB85-79B4-4B60-A662-C84CD42B99F9}.Release|Any CPU.ActiveCfg = Release|Any CPU
		{6FE8EB85-79B4-4B60-A662-C84CD42B99F9}.Release|Any CPU.Build.0 = Release|Any CPU
		{6FE8EB85-79B4-4B60-A662-C84CD42B99F9}.Release|x64.ActiveCfg = Release|Any CPU
		{6FE8EB85-79B4-4B60-A662-C84CD42B99F9}.Release|x64.Build.0 = Release|Any CPU
		{6FE8EB85-79B4-4B60-A662-C84CD42B99F9}.Release|x86.ActiveCfg = Release|Any CPU
		{6FE8EB85-79B4-4B60-A662-C84CD42B99F9}.Release|x86.Build.0 = Release|Any CPU
		{6FE8EB85-79B4-4B60-A662-C84CD42B99F9}.SingleImage|Any CPU.ActiveCfg = Release|Any CPU
		{6FE8EB85-79B4-4B60-A662-C84CD42B99F9}.SingleImage|Any CPU.Build.0 = Release|Any CPU
		{6FE8EB85-79B4-4B60-A662-C84CD42B99F9}.SingleImage|x64.ActiveCfg = Release|Any CPU
		{6FE8EB85-79B4-4B60-A662-C84CD42B99F9}.SingleImage|x64.Build.0 = Release|Any CPU
		{6FE8EB85-79B4-4B60-A662-C84CD42B99F9}.SingleImage|x86.ActiveCfg = Release|Any CPU
		{6FE8EB85-79B4-4B60-A662-C84CD42B99F9}.SingleImage|x86.Build.0 = Release|Any CPU
		{A857402A-C282-4E40-A6B1-10D4D413914C}.CD_ROM|Any CPU.ActiveCfg = Release|Any CPU
		{A857402A-C282-4E40-A6B1-10D4D413914C}.CD_ROM|Any CPU.Build.0 = Release|Any CPU
		{A857402A-C282-4E40-A6B1-10D4D413914C}.CD_ROM|x64.ActiveCfg = Release|Any CPU
		{A857402A-C282-4E40-A6B1-10D4D413914C}.CD_ROM|x64.Build.0 = Release|Any CPU
		{A857402A-C282-4E40-A6B1-10D4D413914C}.CD_ROM|x86.ActiveCfg = Release|Any CPU
		{A857402A-C282-4E40-A6B1-10D4D413914C}.CD_ROM|x86.Build.0 = Release|Any CPU
		{A857402A-C282-4E40-A6B1-10D4D413914C}.Debug|Any CPU.ActiveCfg = Debug|Any CPU
		{A857402A-C282-4E40-A6B1-10D4D413914C}.Debug|Any CPU.Build.0 = Debug|Any CPU
		{A857402A-C282-4E40-A6B1-10D4D413914C}.Debug|x64.ActiveCfg = Debug|Any CPU
		{A857402A-C282-4E40-A6B1-10D4D413914C}.Debug|x64.Build.0 = Debug|Any CPU
		{A857402A-C282-4E40-A6B1-10D4D413914C}.Debug|x86.ActiveCfg = Debug|Any CPU
		{A857402A-C282-4E40-A6B1-10D4D413914C}.Debug|x86.Build.0 = Debug|Any CPU
		{A857402A-C282-4E40-A6B1-10D4D413914C}.DVD-5|Any CPU.ActiveCfg = Debug|Any CPU
		{A857402A-C282-4E40-A6B1-10D4D413914C}.DVD-5|Any CPU.Build.0 = Debug|Any CPU
		{A857402A-C282-4E40-A6B1-10D4D413914C}.DVD-5|x64.ActiveCfg = Debug|Any CPU
		{A857402A-C282-4E40-A6B1-10D4D413914C}.DVD-5|x64.Build.0 = Debug|Any CPU
		{A857402A-C282-4E40-A6B1-10D4D413914C}.DVD-5|x86.ActiveCfg = Debug|Any CPU
		{A857402A-C282-4E40-A6B1-10D4D413914C}.DVD-5|x86.Build.0 = Debug|Any CPU
		{A857402A-C282-4E40-A6B1-10D4D413914C}.Release|Any CPU.ActiveCfg = Release|Any CPU
		{A857402A-C282-4E40-A6B1-10D4D413914C}.Release|Any CPU.Build.0 = Release|Any CPU
		{A857402A-C282-4E40-A6B1-10D4D413914C}.Release|x64.ActiveCfg = Release|Any CPU
		{A857402A-C282-4E40-A6B1-10D4D413914C}.Release|x64.Build.0 = Release|Any CPU
		{A857402A-C282-4E40-A6B1-10D4D413914C}.Release|x86.ActiveCfg = Release|Any CPU
		{A857402A-C282-4E40-A6B1-10D4D413914C}.Release|x86.Build.0 = Release|Any CPU
		{A857402A-C282-4E40-A6B1-10D4D413914C}.SingleImage|Any CPU.ActiveCfg = Release|Any CPU
		{A857402A-C282-4E40-A6B1-10D4D413914C}.SingleImage|Any CPU.Build.0 = Release|Any CPU
		{A857402A-C282-4E40-A6B1-10D4D413914C}.SingleImage|x64.ActiveCfg = Release|Any CPU
		{A857402A-C282-4E40-A6B1-10D4D413914C}.SingleImage|x64.Build.0 = Release|Any CPU
		{A857402A-C282-4E40-A6B1-10D4D413914C}.SingleImage|x86.ActiveCfg = Release|Any CPU
		{A857402A-C282-4E40-A6B1-10D4D413914C}.SingleImage|x86.Build.0 = Release|Any CPU
		{EC9CAC39-6D2A-4EE9-80CD-8E5FB3FFFC77}.CD_ROM|Any CPU.ActiveCfg = Release|Any CPU
		{EC9CAC39-6D2A-4EE9-80CD-8E5FB3FFFC77}.CD_ROM|Any CPU.Build.0 = Release|Any CPU
		{EC9CAC39-6D2A-4EE9-80CD-8E5FB3FFFC77}.CD_ROM|x64.ActiveCfg = Release|Any CPU
		{EC9CAC39-6D2A-4EE9-80CD-8E5FB3FFFC77}.CD_ROM|x64.Build.0 = Release|Any CPU
		{EC9CAC39-6D2A-4EE9-80CD-8E5FB3FFFC77}.CD_ROM|x86.ActiveCfg = Release|Any CPU
		{EC9CAC39-6D2A-4EE9-80CD-8E5FB3FFFC77}.CD_ROM|x86.Build.0 = Release|Any CPU
		{EC9CAC39-6D2A-4EE9-80CD-8E5FB3FFFC77}.Debug|Any CPU.ActiveCfg = Debug|Any CPU
		{EC9CAC39-6D2A-4EE9-80CD-8E5FB3FFFC77}.Debug|Any CPU.Build.0 = Debug|Any CPU
		{EC9CAC39-6D2A-4EE9-80CD-8E5FB3FFFC77}.Debug|x64.ActiveCfg = Debug|Any CPU
		{EC9CAC39-6D2A-4EE9-80CD-8E5FB3FFFC77}.Debug|x64.Build.0 = Debug|Any CPU
		{EC9CAC39-6D2A-4EE9-80CD-8E5FB3FFFC77}.Debug|x86.ActiveCfg = Debug|Any CPU
		{EC9CAC39-6D2A-4EE9-80CD-8E5FB3FFFC77}.Debug|x86.Build.0 = Debug|Any CPU
		{EC9CAC39-6D2A-4EE9-80CD-8E5FB3FFFC77}.DVD-5|Any CPU.ActiveCfg = Debug|Any CPU
		{EC9CAC39-6D2A-4EE9-80CD-8E5FB3FFFC77}.DVD-5|Any CPU.Build.0 = Debug|Any CPU
		{EC9CAC39-6D2A-4EE9-80CD-8E5FB3FFFC77}.DVD-5|x64.ActiveCfg = Debug|Any CPU
		{EC9CAC39-6D2A-4EE9-80CD-8E5FB3FFFC77}.DVD-5|x64.Build.0 = Debug|Any CPU
		{EC9CAC39-6D2A-4EE9-80CD-8E5FB3FFFC77}.DVD-5|x86.ActiveCfg = Debug|Any CPU
		{EC9CAC39-6D2A-4EE9-80CD-8E5FB3FFFC77}.DVD-5|x86.Build.0 = Debug|Any CPU
		{EC9CAC39-6D2A-4EE9-80CD-8E5FB3FFFC77}.Release|Any CPU.ActiveCfg = Release|Any CPU
		{EC9CAC39-6D2A-4EE9-80CD-8E5FB3FFFC77}.Release|Any CPU.Build.0 = Release|Any CPU
		{EC9CAC39-6D2A-4EE9-80CD-8E5FB3FFFC77}.Release|x64.ActiveCfg = Release|Any CPU
		{EC9CAC39-6D2A-4EE9-80CD-8E5FB3FFFC77}.Release|x64.Build.0 = Release|Any CPU
		{EC9CAC39-6D2A-4EE9-80CD-8E5FB3FFFC77}.Release|x86.ActiveCfg = Release|Any CPU
		{EC9CAC39-6D2A-4EE9-80CD-8E5FB3FFFC77}.Release|x86.Build.0 = Release|Any CPU
		{EC9CAC39-6D2A-4EE9-80CD-8E5FB3FFFC77}.SingleImage|Any CPU.ActiveCfg = Release|Any CPU
		{EC9CAC39-6D2A-4EE9-80CD-8E5FB3FFFC77}.SingleImage|Any CPU.Build.0 = Release|Any CPU
		{EC9CAC39-6D2A-4EE9-80CD-8E5FB3FFFC77}.SingleImage|x64.ActiveCfg = Release|Any CPU
		{EC9CAC39-6D2A-4EE9-80CD-8E5FB3FFFC77}.SingleImage|x64.Build.0 = Release|Any CPU
		{EC9CAC39-6D2A-4EE9-80CD-8E5FB3FFFC77}.SingleImage|x86.ActiveCfg = Release|Any CPU
		{EC9CAC39-6D2A-4EE9-80CD-8E5FB3FFFC77}.SingleImage|x86.Build.0 = Release|Any CPU
		{5D8E5999-9864-4E6B-81D1-9397BE1F7972}.CD_ROM|Any CPU.ActiveCfg = Debug|Any CPU
		{5D8E5999-9864-4E6B-81D1-9397BE1F7972}.CD_ROM|Any CPU.Build.0 = Debug|Any CPU
		{5D8E5999-9864-4E6B-81D1-9397BE1F7972}.CD_ROM|x64.ActiveCfg = Debug|Any CPU
		{5D8E5999-9864-4E6B-81D1-9397BE1F7972}.CD_ROM|x64.Build.0 = Debug|Any CPU
		{5D8E5999-9864-4E6B-81D1-9397BE1F7972}.CD_ROM|x86.ActiveCfg = Debug|Any CPU
		{5D8E5999-9864-4E6B-81D1-9397BE1F7972}.CD_ROM|x86.Build.0 = Debug|Any CPU
		{5D8E5999-9864-4E6B-81D1-9397BE1F7972}.Debug|Any CPU.ActiveCfg = Debug|Any CPU
		{5D8E5999-9864-4E6B-81D1-9397BE1F7972}.Debug|Any CPU.Build.0 = Debug|Any CPU
		{5D8E5999-9864-4E6B-81D1-9397BE1F7972}.Debug|x64.ActiveCfg = Debug|Any CPU
		{5D8E5999-9864-4E6B-81D1-9397BE1F7972}.Debug|x64.Build.0 = Debug|Any CPU
		{5D8E5999-9864-4E6B-81D1-9397BE1F7972}.Debug|x86.ActiveCfg = Debug|Any CPU
		{5D8E5999-9864-4E6B-81D1-9397BE1F7972}.Debug|x86.Build.0 = Debug|Any CPU
		{5D8E5999-9864-4E6B-81D1-9397BE1F7972}.DVD-5|Any CPU.ActiveCfg = Debug|Any CPU
		{5D8E5999-9864-4E6B-81D1-9397BE1F7972}.DVD-5|Any CPU.Build.0 = Debug|Any CPU
		{5D8E5999-9864-4E6B-81D1-9397BE1F7972}.DVD-5|x64.ActiveCfg = Debug|Any CPU
		{5D8E5999-9864-4E6B-81D1-9397BE1F7972}.DVD-5|x64.Build.0 = Debug|Any CPU
		{5D8E5999-9864-4E6B-81D1-9397BE1F7972}.DVD-5|x86.ActiveCfg = Debug|Any CPU
		{5D8E5999-9864-4E6B-81D1-9397BE1F7972}.DVD-5|x86.Build.0 = Debug|Any CPU
		{5D8E5999-9864-4E6B-81D1-9397BE1F7972}.Release|Any CPU.ActiveCfg = Release|Any CPU
		{5D8E5999-9864-4E6B-81D1-9397BE1F7972}.Release|Any CPU.Build.0 = Release|Any CPU
		{5D8E5999-9864-4E6B-81D1-9397BE1F7972}.Release|x64.ActiveCfg = Release|Any CPU
		{5D8E5999-9864-4E6B-81D1-9397BE1F7972}.Release|x64.Build.0 = Release|Any CPU
		{5D8E5999-9864-4E6B-81D1-9397BE1F7972}.Release|x86.ActiveCfg = Release|Any CPU
		{5D8E5999-9864-4E6B-81D1-9397BE1F7972}.Release|x86.Build.0 = Release|Any CPU
		{5D8E5999-9864-4E6B-81D1-9397BE1F7972}.SingleImage|Any CPU.ActiveCfg = Debug|Any CPU
		{5D8E5999-9864-4E6B-81D1-9397BE1F7972}.SingleImage|Any CPU.Build.0 = Debug|Any CPU
		{5D8E5999-9864-4E6B-81D1-9397BE1F7972}.SingleImage|x64.ActiveCfg = Debug|Any CPU
		{5D8E5999-9864-4E6B-81D1-9397BE1F7972}.SingleImage|x64.Build.0 = Debug|Any CPU
		{5D8E5999-9864-4E6B-81D1-9397BE1F7972}.SingleImage|x86.ActiveCfg = Debug|Any CPU
		{5D8E5999-9864-4E6B-81D1-9397BE1F7972}.SingleImage|x86.Build.0 = Debug|Any CPU
		{466B0C48-6C7A-471A-9750-37EC949E9545}.CD_ROM|Any CPU.ActiveCfg = Debug|Any CPU
		{466B0C48-6C7A-471A-9750-37EC949E9545}.CD_ROM|Any CPU.Build.0 = Debug|Any CPU
		{466B0C48-6C7A-471A-9750-37EC949E9545}.CD_ROM|x64.ActiveCfg = Debug|Any CPU
		{466B0C48-6C7A-471A-9750-37EC949E9545}.CD_ROM|x64.Build.0 = Debug|Any CPU
		{466B0C48-6C7A-471A-9750-37EC949E9545}.CD_ROM|x86.ActiveCfg = Debug|Any CPU
		{466B0C48-6C7A-471A-9750-37EC949E9545}.CD_ROM|x86.Build.0 = Debug|Any CPU
		{466B0C48-6C7A-471A-9750-37EC949E9545}.Debug|Any CPU.ActiveCfg = Debug|Any CPU
		{466B0C48-6C7A-471A-9750-37EC949E9545}.Debug|Any CPU.Build.0 = Debug|Any CPU
		{466B0C48-6C7A-471A-9750-37EC949E9545}.Debug|x64.ActiveCfg = Debug|Any CPU
		{466B0C48-6C7A-471A-9750-37EC949E9545}.Debug|x64.Build.0 = Debug|Any CPU
		{466B0C48-6C7A-471A-9750-37EC949E9545}.Debug|x86.ActiveCfg = Debug|Any CPU
		{466B0C48-6C7A-471A-9750-37EC949E9545}.Debug|x86.Build.0 = Debug|Any CPU
		{466B0C48-6C7A-471A-9750-37EC949E9545}.DVD-5|Any CPU.ActiveCfg = Debug|Any CPU
		{466B0C48-6C7A-471A-9750-37EC949E9545}.DVD-5|Any CPU.Build.0 = Debug|Any CPU
		{466B0C48-6C7A-471A-9750-37EC949E9545}.DVD-5|x64.ActiveCfg = Debug|Any CPU
		{466B0C48-6C7A-471A-9750-37EC949E9545}.DVD-5|x64.Build.0 = Debug|Any CPU
		{466B0C48-6C7A-471A-9750-37EC949E9545}.DVD-5|x86.ActiveCfg = Debug|Any CPU
		{466B0C48-6C7A-471A-9750-37EC949E9545}.DVD-5|x86.Build.0 = Debug|Any CPU
		{466B0C48-6C7A-471A-9750-37EC949E9545}.Release|Any CPU.ActiveCfg = Release|Any CPU
		{466B0C48-6C7A-471A-9750-37EC949E9545}.Release|Any CPU.Build.0 = Release|Any CPU
		{466B0C48-6C7A-471A-9750-37EC949E9545}.Release|x64.ActiveCfg = Release|Any CPU
		{466B0C48-6C7A-471A-9750-37EC949E9545}.Release|x64.Build.0 = Release|Any CPU
		{466B0C48-6C7A-471A-9750-37EC949E9545}.Release|x86.ActiveCfg = Release|Any CPU
		{466B0C48-6C7A-471A-9750-37EC949E9545}.Release|x86.Build.0 = Release|Any CPU
		{466B0C48-6C7A-471A-9750-37EC949E9545}.SingleImage|Any CPU.ActiveCfg = Debug|Any CPU
		{466B0C48-6C7A-471A-9750-37EC949E9545}.SingleImage|Any CPU.Build.0 = Debug|Any CPU
		{466B0C48-6C7A-471A-9750-37EC949E9545}.SingleImage|x64.ActiveCfg = Debug|Any CPU
		{466B0C48-6C7A-471A-9750-37EC949E9545}.SingleImage|x64.Build.0 = Debug|Any CPU
		{466B0C48-6C7A-471A-9750-37EC949E9545}.SingleImage|x86.ActiveCfg = Debug|Any CPU
		{466B0C48-6C7A-471A-9750-37EC949E9545}.SingleImage|x86.Build.0 = Debug|Any CPU
		{D65D03D2-E78F-4841-A4C5-DB6A83D8C9A9}.CD_ROM|Any CPU.ActiveCfg = Debug|Any CPU
		{D65D03D2-E78F-4841-A4C5-DB6A83D8C9A9}.CD_ROM|Any CPU.Build.0 = Debug|Any CPU
		{D65D03D2-E78F-4841-A4C5-DB6A83D8C9A9}.CD_ROM|x64.ActiveCfg = Debug|Any CPU
		{D65D03D2-E78F-4841-A4C5-DB6A83D8C9A9}.CD_ROM|x64.Build.0 = Debug|Any CPU
		{D65D03D2-E78F-4841-A4C5-DB6A83D8C9A9}.CD_ROM|x86.ActiveCfg = Debug|Any CPU
		{D65D03D2-E78F-4841-A4C5-DB6A83D8C9A9}.CD_ROM|x86.Build.0 = Debug|Any CPU
		{D65D03D2-E78F-4841-A4C5-DB6A83D8C9A9}.Debug|Any CPU.ActiveCfg = Debug|Any CPU
		{D65D03D2-E78F-4841-A4C5-DB6A83D8C9A9}.Debug|Any CPU.Build.0 = Debug|Any CPU
		{D65D03D2-E78F-4841-A4C5-DB6A83D8C9A9}.Debug|x64.ActiveCfg = Debug|Any CPU
		{D65D03D2-E78F-4841-A4C5-DB6A83D8C9A9}.Debug|x64.Build.0 = Debug|Any CPU
		{D65D03D2-E78F-4841-A4C5-DB6A83D8C9A9}.Debug|x86.ActiveCfg = Debug|Any CPU
		{D65D03D2-E78F-4841-A4C5-DB6A83D8C9A9}.Debug|x86.Build.0 = Debug|Any CPU
		{D65D03D2-E78F-4841-A4C5-DB6A83D8C9A9}.DVD-5|Any CPU.ActiveCfg = Debug|Any CPU
		{D65D03D2-E78F-4841-A4C5-DB6A83D8C9A9}.DVD-5|Any CPU.Build.0 = Debug|Any CPU
		{D65D03D2-E78F-4841-A4C5-DB6A83D8C9A9}.DVD-5|x64.ActiveCfg = Debug|Any CPU
		{D65D03D2-E78F-4841-A4C5-DB6A83D8C9A9}.DVD-5|x64.Build.0 = Debug|Any CPU
		{D65D03D2-E78F-4841-A4C5-DB6A83D8C9A9}.DVD-5|x86.ActiveCfg = Debug|Any CPU
		{D65D03D2-E78F-4841-A4C5-DB6A83D8C9A9}.DVD-5|x86.Build.0 = Debug|Any CPU
		{D65D03D2-E78F-4841-A4C5-DB6A83D8C9A9}.Release|Any CPU.ActiveCfg = Release|Any CPU
		{D65D03D2-E78F-4841-A4C5-DB6A83D8C9A9}.Release|Any CPU.Build.0 = Release|Any CPU
		{D65D03D2-E78F-4841-A4C5-DB6A83D8C9A9}.Release|x64.ActiveCfg = Release|Any CPU
		{D65D03D2-E78F-4841-A4C5-DB6A83D8C9A9}.Release|x64.Build.0 = Release|Any CPU
		{D65D03D2-E78F-4841-A4C5-DB6A83D8C9A9}.Release|x86.ActiveCfg = Release|Any CPU
		{D65D03D2-E78F-4841-A4C5-DB6A83D8C9A9}.Release|x86.Build.0 = Release|Any CPU
		{D65D03D2-E78F-4841-A4C5-DB6A83D8C9A9}.SingleImage|Any CPU.ActiveCfg = Debug|Any CPU
		{D65D03D2-E78F-4841-A4C5-DB6A83D8C9A9}.SingleImage|Any CPU.Build.0 = Debug|Any CPU
		{D65D03D2-E78F-4841-A4C5-DB6A83D8C9A9}.SingleImage|x64.ActiveCfg = Debug|Any CPU
		{D65D03D2-E78F-4841-A4C5-DB6A83D8C9A9}.SingleImage|x64.Build.0 = Debug|Any CPU
		{D65D03D2-E78F-4841-A4C5-DB6A83D8C9A9}.SingleImage|x86.ActiveCfg = Debug|Any CPU
		{D65D03D2-E78F-4841-A4C5-DB6A83D8C9A9}.SingleImage|x86.Build.0 = Debug|Any CPU
		{4F402FA3-18D3-4418-9FB2-C39C17BE503A}.CD_ROM|Any CPU.ActiveCfg = Debug|Any CPU
		{4F402FA3-18D3-4418-9FB2-C39C17BE503A}.CD_ROM|Any CPU.Build.0 = Debug|Any CPU
		{4F402FA3-18D3-4418-9FB2-C39C17BE503A}.CD_ROM|x64.ActiveCfg = Debug|Any CPU
		{4F402FA3-18D3-4418-9FB2-C39C17BE503A}.CD_ROM|x64.Build.0 = Debug|Any CPU
		{4F402FA3-18D3-4418-9FB2-C39C17BE503A}.CD_ROM|x86.ActiveCfg = Debug|Any CPU
		{4F402FA3-18D3-4418-9FB2-C39C17BE503A}.CD_ROM|x86.Build.0 = Debug|Any CPU
		{4F402FA3-18D3-4418-9FB2-C39C17BE503A}.Debug|Any CPU.ActiveCfg = Debug|Any CPU
		{4F402FA3-18D3-4418-9FB2-C39C17BE503A}.Debug|Any CPU.Build.0 = Debug|Any CPU
		{4F402FA3-18D3-4418-9FB2-C39C17BE503A}.Debug|x64.ActiveCfg = Debug|Any CPU
		{4F402FA3-18D3-4418-9FB2-C39C17BE503A}.Debug|x64.Build.0 = Debug|Any CPU
		{4F402FA3-18D3-4418-9FB2-C39C17BE503A}.Debug|x86.ActiveCfg = Debug|Any CPU
		{4F402FA3-18D3-4418-9FB2-C39C17BE503A}.Debug|x86.Build.0 = Debug|Any CPU
		{4F402FA3-18D3-4418-9FB2-C39C17BE503A}.DVD-5|Any CPU.ActiveCfg = Debug|Any CPU
		{4F402FA3-18D3-4418-9FB2-C39C17BE503A}.DVD-5|Any CPU.Build.0 = Debug|Any CPU
		{4F402FA3-18D3-4418-9FB2-C39C17BE503A}.DVD-5|x64.ActiveCfg = Debug|Any CPU
		{4F402FA3-18D3-4418-9FB2-C39C17BE503A}.DVD-5|x64.Build.0 = Debug|Any CPU
		{4F402FA3-18D3-4418-9FB2-C39C17BE503A}.DVD-5|x86.ActiveCfg = Debug|Any CPU
		{4F402FA3-18D3-4418-9FB2-C39C17BE503A}.DVD-5|x86.Build.0 = Debug|Any CPU
		{4F402FA3-18D3-4418-9FB2-C39C17BE503A}.Release|Any CPU.ActiveCfg = Release|Any CPU
		{4F402FA3-18D3-4418-9FB2-C39C17BE503A}.Release|Any CPU.Build.0 = Release|Any CPU
		{4F402FA3-18D3-4418-9FB2-C39C17BE503A}.Release|x64.ActiveCfg = Release|Any CPU
		{4F402FA3-18D3-4418-9FB2-C39C17BE503A}.Release|x64.Build.0 = Release|Any CPU
		{4F402FA3-18D3-4418-9FB2-C39C17BE503A}.Release|x86.ActiveCfg = Release|Any CPU
		{4F402FA3-18D3-4418-9FB2-C39C17BE503A}.Release|x86.Build.0 = Release|Any CPU
		{4F402FA3-18D3-4418-9FB2-C39C17BE503A}.SingleImage|Any CPU.ActiveCfg = Debug|Any CPU
		{4F402FA3-18D3-4418-9FB2-C39C17BE503A}.SingleImage|Any CPU.Build.0 = Debug|Any CPU
		{4F402FA3-18D3-4418-9FB2-C39C17BE503A}.SingleImage|x64.ActiveCfg = Debug|Any CPU
		{4F402FA3-18D3-4418-9FB2-C39C17BE503A}.SingleImage|x64.Build.0 = Debug|Any CPU
		{4F402FA3-18D3-4418-9FB2-C39C17BE503A}.SingleImage|x86.ActiveCfg = Debug|Any CPU
		{4F402FA3-18D3-4418-9FB2-C39C17BE503A}.SingleImage|x86.Build.0 = Debug|Any CPU
		{7B904366-AFAB-46FD-9B50-D78D38E3B54B}.CD_ROM|Any CPU.ActiveCfg = Debug|Any CPU
		{7B904366-AFAB-46FD-9B50-D78D38E3B54B}.CD_ROM|Any CPU.Build.0 = Debug|Any CPU
		{7B904366-AFAB-46FD-9B50-D78D38E3B54B}.CD_ROM|x64.ActiveCfg = Debug|Any CPU
		{7B904366-AFAB-46FD-9B50-D78D38E3B54B}.CD_ROM|x64.Build.0 = Debug|Any CPU
		{7B904366-AFAB-46FD-9B50-D78D38E3B54B}.CD_ROM|x86.ActiveCfg = Debug|x86
		{7B904366-AFAB-46FD-9B50-D78D38E3B54B}.CD_ROM|x86.Build.0 = Debug|x86
		{7B904366-AFAB-46FD-9B50-D78D38E3B54B}.Debug|Any CPU.ActiveCfg = Debug|Any CPU
		{7B904366-AFAB-46FD-9B50-D78D38E3B54B}.Debug|Any CPU.Build.0 = Debug|Any CPU
		{7B904366-AFAB-46FD-9B50-D78D38E3B54B}.Debug|x64.ActiveCfg = Debug|Any CPU
		{7B904366-AFAB-46FD-9B50-D78D38E3B54B}.Debug|x64.Build.0 = Debug|Any CPU
		{7B904366-AFAB-46FD-9B50-D78D38E3B54B}.Debug|x86.ActiveCfg = Debug|x86
		{7B904366-AFAB-46FD-9B50-D78D38E3B54B}.Debug|x86.Build.0 = Debug|x86
		{7B904366-AFAB-46FD-9B50-D78D38E3B54B}.DVD-5|Any CPU.ActiveCfg = Debug|Any CPU
		{7B904366-AFAB-46FD-9B50-D78D38E3B54B}.DVD-5|Any CPU.Build.0 = Debug|Any CPU
		{7B904366-AFAB-46FD-9B50-D78D38E3B54B}.DVD-5|x64.ActiveCfg = Debug|Any CPU
		{7B904366-AFAB-46FD-9B50-D78D38E3B54B}.DVD-5|x64.Build.0 = Debug|Any CPU
		{7B904366-AFAB-46FD-9B50-D78D38E3B54B}.DVD-5|x86.ActiveCfg = Debug|x86
		{7B904366-AFAB-46FD-9B50-D78D38E3B54B}.DVD-5|x86.Build.0 = Debug|x86
		{7B904366-AFAB-46FD-9B50-D78D38E3B54B}.Release|Any CPU.ActiveCfg = Release|Any CPU
		{7B904366-AFAB-46FD-9B50-D78D38E3B54B}.Release|Any CPU.Build.0 = Release|Any CPU
		{7B904366-AFAB-46FD-9B50-D78D38E3B54B}.Release|x64.ActiveCfg = Release|Any CPU
		{7B904366-AFAB-46FD-9B50-D78D38E3B54B}.Release|x64.Build.0 = Release|Any CPU
		{7B904366-AFAB-46FD-9B50-D78D38E3B54B}.Release|x86.ActiveCfg = Release|x86
		{7B904366-AFAB-46FD-9B50-D78D38E3B54B}.Release|x86.Build.0 = Release|x86
		{7B904366-AFAB-46FD-9B50-D78D38E3B54B}.SingleImage|Any CPU.ActiveCfg = Debug|Any CPU
		{7B904366-AFAB-46FD-9B50-D78D38E3B54B}.SingleImage|Any CPU.Build.0 = Debug|Any CPU
		{7B904366-AFAB-46FD-9B50-D78D38E3B54B}.SingleImage|x64.ActiveCfg = Debug|Any CPU
		{7B904366-AFAB-46FD-9B50-D78D38E3B54B}.SingleImage|x64.Build.0 = Debug|Any CPU
		{7B904366-AFAB-46FD-9B50-D78D38E3B54B}.SingleImage|x86.ActiveCfg = Debug|x86
		{7B904366-AFAB-46FD-9B50-D78D38E3B54B}.SingleImage|x86.Build.0 = Debug|x86
		{67027820-9036-481E-80F6-077E5085F59D}.CD_ROM|Any CPU.ActiveCfg = Debug|Any CPU
		{67027820-9036-481E-80F6-077E5085F59D}.CD_ROM|Any CPU.Build.0 = Debug|Any CPU
		{67027820-9036-481E-80F6-077E5085F59D}.CD_ROM|x64.ActiveCfg = Debug|Any CPU
		{67027820-9036-481E-80F6-077E5085F59D}.CD_ROM|x64.Build.0 = Debug|Any CPU
		{67027820-9036-481E-80F6-077E5085F59D}.CD_ROM|x86.ActiveCfg = Debug|x86
		{67027820-9036-481E-80F6-077E5085F59D}.CD_ROM|x86.Build.0 = Debug|x86
		{67027820-9036-481E-80F6-077E5085F59D}.Debug|Any CPU.ActiveCfg = Debug|Any CPU
		{67027820-9036-481E-80F6-077E5085F59D}.Debug|Any CPU.Build.0 = Debug|Any CPU
		{67027820-9036-481E-80F6-077E5085F59D}.Debug|x64.ActiveCfg = Debug|Any CPU
		{67027820-9036-481E-80F6-077E5085F59D}.Debug|x64.Build.0 = Debug|Any CPU
		{67027820-9036-481E-80F6-077E5085F59D}.Debug|x86.ActiveCfg = Debug|x86
		{67027820-9036-481E-80F6-077E5085F59D}.Debug|x86.Build.0 = Debug|x86
		{67027820-9036-481E-80F6-077E5085F59D}.DVD-5|Any CPU.ActiveCfg = Debug|Any CPU
		{67027820-9036-481E-80F6-077E5085F59D}.DVD-5|Any CPU.Build.0 = Debug|Any CPU
		{67027820-9036-481E-80F6-077E5085F59D}.DVD-5|x64.ActiveCfg = Debug|Any CPU
		{67027820-9036-481E-80F6-077E5085F59D}.DVD-5|x64.Build.0 = Debug|Any CPU
		{67027820-9036-481E-80F6-077E5085F59D}.DVD-5|x86.ActiveCfg = Debug|x86
		{67027820-9036-481E-80F6-077E5085F59D}.DVD-5|x86.Build.0 = Debug|x86
		{67027820-9036-481E-80F6-077E5085F59D}.Release|Any CPU.ActiveCfg = Release|Any CPU
		{67027820-9036-481E-80F6-077E5085F59D}.Release|Any CPU.Build.0 = Release|Any CPU
		{67027820-9036-481E-80F6-077E5085F59D}.Release|x64.ActiveCfg = Release|Any CPU
		{67027820-9036-481E-80F6-077E5085F59D}.Release|x64.Build.0 = Release|Any CPU
		{67027820-9036-481E-80F6-077E5085F59D}.Release|x86.ActiveCfg = Release|x86
		{67027820-9036-481E-80F6-077E5085F59D}.Release|x86.Build.0 = Release|x86
		{67027820-9036-481E-80F6-077E5085F59D}.SingleImage|Any CPU.ActiveCfg = Debug|Any CPU
		{67027820-9036-481E-80F6-077E5085F59D}.SingleImage|Any CPU.Build.0 = Debug|Any CPU
		{67027820-9036-481E-80F6-077E5085F59D}.SingleImage|x64.ActiveCfg = Debug|Any CPU
		{67027820-9036-481E-80F6-077E5085F59D}.SingleImage|x64.Build.0 = Debug|Any CPU
		{67027820-9036-481E-80F6-077E5085F59D}.SingleImage|x86.ActiveCfg = Debug|x86
		{67027820-9036-481E-80F6-077E5085F59D}.SingleImage|x86.Build.0 = Debug|x86
		{33E88992-742F-4D13-823F-35D6A07B1AA1}.CD_ROM|Any CPU.ActiveCfg = Debug|Any CPU
		{33E88992-742F-4D13-823F-35D6A07B1AA1}.CD_ROM|Any CPU.Build.0 = Debug|Any CPU
		{33E88992-742F-4D13-823F-35D6A07B1AA1}.CD_ROM|x64.ActiveCfg = Debug|x64
		{33E88992-742F-4D13-823F-35D6A07B1AA1}.CD_ROM|x64.Build.0 = Debug|x64
		{33E88992-742F-4D13-823F-35D6A07B1AA1}.CD_ROM|x86.ActiveCfg = Debug|x86
		{33E88992-742F-4D13-823F-35D6A07B1AA1}.CD_ROM|x86.Build.0 = Debug|x86
		{33E88992-742F-4D13-823F-35D6A07B1AA1}.Debug|Any CPU.ActiveCfg = Debug|Any CPU
		{33E88992-742F-4D13-823F-35D6A07B1AA1}.Debug|Any CPU.Build.0 = Debug|Any CPU
		{33E88992-742F-4D13-823F-35D6A07B1AA1}.Debug|x64.ActiveCfg = Debug|x64
		{33E88992-742F-4D13-823F-35D6A07B1AA1}.Debug|x64.Build.0 = Debug|x64
		{33E88992-742F-4D13-823F-35D6A07B1AA1}.Debug|x86.ActiveCfg = Debug|x86
		{33E88992-742F-4D13-823F-35D6A07B1AA1}.Debug|x86.Build.0 = Debug|x86
		{33E88992-742F-4D13-823F-35D6A07B1AA1}.DVD-5|Any CPU.ActiveCfg = Debug|Any CPU
		{33E88992-742F-4D13-823F-35D6A07B1AA1}.DVD-5|Any CPU.Build.0 = Debug|Any CPU
		{33E88992-742F-4D13-823F-35D6A07B1AA1}.DVD-5|x64.ActiveCfg = Debug|x64
		{33E88992-742F-4D13-823F-35D6A07B1AA1}.DVD-5|x64.Build.0 = Debug|x64
		{33E88992-742F-4D13-823F-35D6A07B1AA1}.DVD-5|x86.ActiveCfg = Debug|x86
		{33E88992-742F-4D13-823F-35D6A07B1AA1}.DVD-5|x86.Build.0 = Debug|x86
		{33E88992-742F-4D13-823F-35D6A07B1AA1}.Release|Any CPU.ActiveCfg = Release|Any CPU
		{33E88992-742F-4D13-823F-35D6A07B1AA1}.Release|Any CPU.Build.0 = Release|Any CPU
		{33E88992-742F-4D13-823F-35D6A07B1AA1}.Release|x64.ActiveCfg = Release|x64
		{33E88992-742F-4D13-823F-35D6A07B1AA1}.Release|x64.Build.0 = Release|x64
		{33E88992-742F-4D13-823F-35D6A07B1AA1}.Release|x86.ActiveCfg = Release|x86
		{33E88992-742F-4D13-823F-35D6A07B1AA1}.Release|x86.Build.0 = Release|x86
		{33E88992-742F-4D13-823F-35D6A07B1AA1}.SingleImage|Any CPU.ActiveCfg = Debug|Any CPU
		{33E88992-742F-4D13-823F-35D6A07B1AA1}.SingleImage|Any CPU.Build.0 = Debug|Any CPU
		{33E88992-742F-4D13-823F-35D6A07B1AA1}.SingleImage|x64.ActiveCfg = Debug|x64
		{33E88992-742F-4D13-823F-35D6A07B1AA1}.SingleImage|x64.Build.0 = Debug|x64
		{33E88992-742F-4D13-823F-35D6A07B1AA1}.SingleImage|x86.ActiveCfg = Debug|x86
		{33E88992-742F-4D13-823F-35D6A07B1AA1}.SingleImage|x86.Build.0 = Debug|x86
		{B219575F-1541-41DB-9FA4-D9D7CD62B4A5}.CD_ROM|Any CPU.ActiveCfg = Debug|Any CPU
		{B219575F-1541-41DB-9FA4-D9D7CD62B4A5}.CD_ROM|Any CPU.Build.0 = Debug|Any CPU
		{B219575F-1541-41DB-9FA4-D9D7CD62B4A5}.CD_ROM|x64.ActiveCfg = Debug|Any CPU
		{B219575F-1541-41DB-9FA4-D9D7CD62B4A5}.CD_ROM|x64.Build.0 = Debug|Any CPU
		{B219575F-1541-41DB-9FA4-D9D7CD62B4A5}.CD_ROM|x86.ActiveCfg = Debug|x86
		{B219575F-1541-41DB-9FA4-D9D7CD62B4A5}.CD_ROM|x86.Build.0 = Debug|x86
		{B219575F-1541-41DB-9FA4-D9D7CD62B4A5}.Debug|Any CPU.ActiveCfg = Debug|Any CPU
		{B219575F-1541-41DB-9FA4-D9D7CD62B4A5}.Debug|Any CPU.Build.0 = Debug|Any CPU
		{B219575F-1541-41DB-9FA4-D9D7CD62B4A5}.Debug|x64.ActiveCfg = Debug|Any CPU
		{B219575F-1541-41DB-9FA4-D9D7CD62B4A5}.Debug|x64.Build.0 = Debug|Any CPU
		{B219575F-1541-41DB-9FA4-D9D7CD62B4A5}.Debug|x86.ActiveCfg = Debug|x86
		{B219575F-1541-41DB-9FA4-D9D7CD62B4A5}.Debug|x86.Build.0 = Debug|x86
		{B219575F-1541-41DB-9FA4-D9D7CD62B4A5}.DVD-5|Any CPU.ActiveCfg = Debug|Any CPU
		{B219575F-1541-41DB-9FA4-D9D7CD62B4A5}.DVD-5|Any CPU.Build.0 = Debug|Any CPU
		{B219575F-1541-41DB-9FA4-D9D7CD62B4A5}.DVD-5|x64.ActiveCfg = Debug|Any CPU
		{B219575F-1541-41DB-9FA4-D9D7CD62B4A5}.DVD-5|x64.Build.0 = Debug|Any CPU
		{B219575F-1541-41DB-9FA4-D9D7CD62B4A5}.DVD-5|x86.ActiveCfg = Debug|x86
		{B219575F-1541-41DB-9FA4-D9D7CD62B4A5}.DVD-5|x86.Build.0 = Debug|x86
		{B219575F-1541-41DB-9FA4-D9D7CD62B4A5}.Release|Any CPU.ActiveCfg = Release|Any CPU
		{B219575F-1541-41DB-9FA4-D9D7CD62B4A5}.Release|Any CPU.Build.0 = Release|Any CPU
		{B219575F-1541-41DB-9FA4-D9D7CD62B4A5}.Release|x64.ActiveCfg = Release|Any CPU
		{B219575F-1541-41DB-9FA4-D9D7CD62B4A5}.Release|x64.Build.0 = Release|Any CPU
		{B219575F-1541-41DB-9FA4-D9D7CD62B4A5}.Release|x86.ActiveCfg = Release|x86
		{B219575F-1541-41DB-9FA4-D9D7CD62B4A5}.Release|x86.Build.0 = Release|x86
		{B219575F-1541-41DB-9FA4-D9D7CD62B4A5}.SingleImage|Any CPU.ActiveCfg = Debug|Any CPU
		{B219575F-1541-41DB-9FA4-D9D7CD62B4A5}.SingleImage|Any CPU.Build.0 = Debug|Any CPU
		{B219575F-1541-41DB-9FA4-D9D7CD62B4A5}.SingleImage|x64.ActiveCfg = Debug|Any CPU
		{B219575F-1541-41DB-9FA4-D9D7CD62B4A5}.SingleImage|x64.Build.0 = Debug|Any CPU
		{B219575F-1541-41DB-9FA4-D9D7CD62B4A5}.SingleImage|x86.ActiveCfg = Debug|x86
		{B219575F-1541-41DB-9FA4-D9D7CD62B4A5}.SingleImage|x86.Build.0 = Debug|x86
		{CF2D3442-16AA-46A4-BBF9-0634ADA3AE2D}.CD_ROM|Any CPU.ActiveCfg = Debug|Any CPU
		{CF2D3442-16AA-46A4-BBF9-0634ADA3AE2D}.CD_ROM|Any CPU.Build.0 = Debug|Any CPU
		{CF2D3442-16AA-46A4-BBF9-0634ADA3AE2D}.CD_ROM|x64.ActiveCfg = Debug|Any CPU
		{CF2D3442-16AA-46A4-BBF9-0634ADA3AE2D}.CD_ROM|x64.Build.0 = Debug|Any CPU
		{CF2D3442-16AA-46A4-BBF9-0634ADA3AE2D}.CD_ROM|x86.ActiveCfg = Debug|x86
		{CF2D3442-16AA-46A4-BBF9-0634ADA3AE2D}.CD_ROM|x86.Build.0 = Debug|x86
		{CF2D3442-16AA-46A4-BBF9-0634ADA3AE2D}.Debug|Any CPU.ActiveCfg = Debug|Any CPU
		{CF2D3442-16AA-46A4-BBF9-0634ADA3AE2D}.Debug|Any CPU.Build.0 = Debug|Any CPU
		{CF2D3442-16AA-46A4-BBF9-0634ADA3AE2D}.Debug|x64.ActiveCfg = Debug|Any CPU
		{CF2D3442-16AA-46A4-BBF9-0634ADA3AE2D}.Debug|x64.Build.0 = Debug|Any CPU
		{CF2D3442-16AA-46A4-BBF9-0634ADA3AE2D}.Debug|x86.ActiveCfg = Debug|x86
		{CF2D3442-16AA-46A4-BBF9-0634ADA3AE2D}.Debug|x86.Build.0 = Debug|x86
		{CF2D3442-16AA-46A4-BBF9-0634ADA3AE2D}.DVD-5|Any CPU.ActiveCfg = Debug|Any CPU
		{CF2D3442-16AA-46A4-BBF9-0634ADA3AE2D}.DVD-5|Any CPU.Build.0 = Debug|Any CPU
		{CF2D3442-16AA-46A4-BBF9-0634ADA3AE2D}.DVD-5|x64.ActiveCfg = Debug|Any CPU
		{CF2D3442-16AA-46A4-BBF9-0634ADA3AE2D}.DVD-5|x64.Build.0 = Debug|Any CPU
		{CF2D3442-16AA-46A4-BBF9-0634ADA3AE2D}.DVD-5|x86.ActiveCfg = Debug|x86
		{CF2D3442-16AA-46A4-BBF9-0634ADA3AE2D}.DVD-5|x86.Build.0 = Debug|x86
		{CF2D3442-16AA-46A4-BBF9-0634ADA3AE2D}.Release|Any CPU.ActiveCfg = Release|Any CPU
		{CF2D3442-16AA-46A4-BBF9-0634ADA3AE2D}.Release|Any CPU.Build.0 = Release|Any CPU
		{CF2D3442-16AA-46A4-BBF9-0634ADA3AE2D}.Release|x64.ActiveCfg = Release|Any CPU
		{CF2D3442-16AA-46A4-BBF9-0634ADA3AE2D}.Release|x64.Build.0 = Release|Any CPU
		{CF2D3442-16AA-46A4-BBF9-0634ADA3AE2D}.Release|x86.ActiveCfg = Release|x86
		{CF2D3442-16AA-46A4-BBF9-0634ADA3AE2D}.Release|x86.Build.0 = Release|x86
		{CF2D3442-16AA-46A4-BBF9-0634ADA3AE2D}.SingleImage|Any CPU.ActiveCfg = Debug|Any CPU
		{CF2D3442-16AA-46A4-BBF9-0634ADA3AE2D}.SingleImage|Any CPU.Build.0 = Debug|Any CPU
		{CF2D3442-16AA-46A4-BBF9-0634ADA3AE2D}.SingleImage|x64.ActiveCfg = Debug|Any CPU
		{CF2D3442-16AA-46A4-BBF9-0634ADA3AE2D}.SingleImage|x64.Build.0 = Debug|Any CPU
		{CF2D3442-16AA-46A4-BBF9-0634ADA3AE2D}.SingleImage|x86.ActiveCfg = Debug|x86
		{CF2D3442-16AA-46A4-BBF9-0634ADA3AE2D}.SingleImage|x86.Build.0 = Debug|x86
		{628E0E99-0302-4A5D-BD8A-E0B28B93AAA9}.CD_ROM|Any CPU.ActiveCfg = Debug|Any CPU
		{628E0E99-0302-4A5D-BD8A-E0B28B93AAA9}.CD_ROM|Any CPU.Build.0 = Debug|Any CPU
		{628E0E99-0302-4A5D-BD8A-E0B28B93AAA9}.CD_ROM|x64.ActiveCfg = Debug|Any CPU
		{628E0E99-0302-4A5D-BD8A-E0B28B93AAA9}.CD_ROM|x64.Build.0 = Debug|Any CPU
		{628E0E99-0302-4A5D-BD8A-E0B28B93AAA9}.CD_ROM|x86.ActiveCfg = Debug|x86
		{628E0E99-0302-4A5D-BD8A-E0B28B93AAA9}.CD_ROM|x86.Build.0 = Debug|x86
		{628E0E99-0302-4A5D-BD8A-E0B28B93AAA9}.Debug|Any CPU.ActiveCfg = Debug|Any CPU
		{628E0E99-0302-4A5D-BD8A-E0B28B93AAA9}.Debug|Any CPU.Build.0 = Debug|Any CPU
		{628E0E99-0302-4A5D-BD8A-E0B28B93AAA9}.Debug|x64.ActiveCfg = Debug|Any CPU
		{628E0E99-0302-4A5D-BD8A-E0B28B93AAA9}.Debug|x64.Build.0 = Debug|Any CPU
		{628E0E99-0302-4A5D-BD8A-E0B28B93AAA9}.Debug|x86.ActiveCfg = Debug|x86
		{628E0E99-0302-4A5D-BD8A-E0B28B93AAA9}.Debug|x86.Build.0 = Debug|x86
		{628E0E99-0302-4A5D-BD8A-E0B28B93AAA9}.DVD-5|Any CPU.ActiveCfg = Debug|Any CPU
		{628E0E99-0302-4A5D-BD8A-E0B28B93AAA9}.DVD-5|Any CPU.Build.0 = Debug|Any CPU
		{628E0E99-0302-4A5D-BD8A-E0B28B93AAA9}.DVD-5|x64.ActiveCfg = Debug|Any CPU
		{628E0E99-0302-4A5D-BD8A-E0B28B93AAA9}.DVD-5|x64.Build.0 = Debug|Any CPU
		{628E0E99-0302-4A5D-BD8A-E0B28B93AAA9}.DVD-5|x86.ActiveCfg = Debug|x86
		{628E0E99-0302-4A5D-BD8A-E0B28B93AAA9}.DVD-5|x86.Build.0 = Debug|x86
		{628E0E99-0302-4A5D-BD8A-E0B28B93AAA9}.Release|Any CPU.ActiveCfg = Release|Any CPU
		{628E0E99-0302-4A5D-BD8A-E0B28B93AAA9}.Release|Any CPU.Build.0 = Release|Any CPU
		{628E0E99-0302-4A5D-BD8A-E0B28B93AAA9}.Release|x64.ActiveCfg = Release|Any CPU
		{628E0E99-0302-4A5D-BD8A-E0B28B93AAA9}.Release|x64.Build.0 = Release|Any CPU
		{628E0E99-0302-4A5D-BD8A-E0B28B93AAA9}.Release|x86.ActiveCfg = Release|x86
		{628E0E99-0302-4A5D-BD8A-E0B28B93AAA9}.Release|x86.Build.0 = Release|x86
		{628E0E99-0302-4A5D-BD8A-E0B28B93AAA9}.SingleImage|Any CPU.ActiveCfg = Debug|Any CPU
		{628E0E99-0302-4A5D-BD8A-E0B28B93AAA9}.SingleImage|Any CPU.Build.0 = Debug|Any CPU
		{628E0E99-0302-4A5D-BD8A-E0B28B93AAA9}.SingleImage|x64.ActiveCfg = Debug|Any CPU
		{628E0E99-0302-4A5D-BD8A-E0B28B93AAA9}.SingleImage|x64.Build.0 = Debug|Any CPU
		{628E0E99-0302-4A5D-BD8A-E0B28B93AAA9}.SingleImage|x86.ActiveCfg = Debug|x86
		{628E0E99-0302-4A5D-BD8A-E0B28B93AAA9}.SingleImage|x86.Build.0 = Debug|x86
		{BB2247EF-4797-498A-B7D5-F1250CEFBD49}.CD_ROM|Any CPU.ActiveCfg = Debug|Any CPU
		{BB2247EF-4797-498A-B7D5-F1250CEFBD49}.CD_ROM|Any CPU.Build.0 = Debug|Any CPU
		{BB2247EF-4797-498A-B7D5-F1250CEFBD49}.CD_ROM|x64.ActiveCfg = Debug|Any CPU
		{BB2247EF-4797-498A-B7D5-F1250CEFBD49}.CD_ROM|x64.Build.0 = Debug|Any CPU
		{BB2247EF-4797-498A-B7D5-F1250CEFBD49}.CD_ROM|x86.ActiveCfg = Debug|x86
		{BB2247EF-4797-498A-B7D5-F1250CEFBD49}.CD_ROM|x86.Build.0 = Debug|x86
		{BB2247EF-4797-498A-B7D5-F1250CEFBD49}.Debug|Any CPU.ActiveCfg = Debug|Any CPU
		{BB2247EF-4797-498A-B7D5-F1250CEFBD49}.Debug|Any CPU.Build.0 = Debug|Any CPU
		{BB2247EF-4797-498A-B7D5-F1250CEFBD49}.Debug|x64.ActiveCfg = Debug|Any CPU
		{BB2247EF-4797-498A-B7D5-F1250CEFBD49}.Debug|x64.Build.0 = Debug|Any CPU
		{BB2247EF-4797-498A-B7D5-F1250CEFBD49}.Debug|x86.ActiveCfg = Debug|x86
		{BB2247EF-4797-498A-B7D5-F1250CEFBD49}.Debug|x86.Build.0 = Debug|x86
		{BB2247EF-4797-498A-B7D5-F1250CEFBD49}.DVD-5|Any CPU.ActiveCfg = Debug|Any CPU
		{BB2247EF-4797-498A-B7D5-F1250CEFBD49}.DVD-5|Any CPU.Build.0 = Debug|Any CPU
		{BB2247EF-4797-498A-B7D5-F1250CEFBD49}.DVD-5|x64.ActiveCfg = Debug|Any CPU
		{BB2247EF-4797-498A-B7D5-F1250CEFBD49}.DVD-5|x64.Build.0 = Debug|Any CPU
		{BB2247EF-4797-498A-B7D5-F1250CEFBD49}.DVD-5|x86.ActiveCfg = Debug|x86
		{BB2247EF-4797-498A-B7D5-F1250CEFBD49}.DVD-5|x86.Build.0 = Debug|x86
		{BB2247EF-4797-498A-B7D5-F1250CEFBD49}.Release|Any CPU.ActiveCfg = Release|Any CPU
		{BB2247EF-4797-498A-B7D5-F1250CEFBD49}.Release|Any CPU.Build.0 = Release|Any CPU
		{BB2247EF-4797-498A-B7D5-F1250CEFBD49}.Release|x64.ActiveCfg = Release|Any CPU
		{BB2247EF-4797-498A-B7D5-F1250CEFBD49}.Release|x64.Build.0 = Release|Any CPU
		{BB2247EF-4797-498A-B7D5-F1250CEFBD49}.Release|x86.ActiveCfg = Release|x86
		{BB2247EF-4797-498A-B7D5-F1250CEFBD49}.Release|x86.Build.0 = Release|x86
		{BB2247EF-4797-498A-B7D5-F1250CEFBD49}.SingleImage|Any CPU.ActiveCfg = Debug|Any CPU
		{BB2247EF-4797-498A-B7D5-F1250CEFBD49}.SingleImage|Any CPU.Build.0 = Debug|Any CPU
		{BB2247EF-4797-498A-B7D5-F1250CEFBD49}.SingleImage|x64.ActiveCfg = Debug|Any CPU
		{BB2247EF-4797-498A-B7D5-F1250CEFBD49}.SingleImage|x64.Build.0 = Debug|Any CPU
		{BB2247EF-4797-498A-B7D5-F1250CEFBD49}.SingleImage|x86.ActiveCfg = Debug|x86
		{BB2247EF-4797-498A-B7D5-F1250CEFBD49}.SingleImage|x86.Build.0 = Debug|x86
		{F0F41E48-35ED-43F4-AB00-30252B0E5690}.CD_ROM|Any CPU.ActiveCfg = Debug|Any CPU
		{F0F41E48-35ED-43F4-AB00-30252B0E5690}.CD_ROM|Any CPU.Build.0 = Debug|Any CPU
		{F0F41E48-35ED-43F4-AB00-30252B0E5690}.CD_ROM|x64.ActiveCfg = Debug|Any CPU
		{F0F41E48-35ED-43F4-AB00-30252B0E5690}.CD_ROM|x64.Build.0 = Debug|Any CPU
		{F0F41E48-35ED-43F4-AB00-30252B0E5690}.CD_ROM|x86.ActiveCfg = Debug|x86
		{F0F41E48-35ED-43F4-AB00-30252B0E5690}.CD_ROM|x86.Build.0 = Debug|x86
		{F0F41E48-35ED-43F4-AB00-30252B0E5690}.Debug|Any CPU.ActiveCfg = Debug|Any CPU
		{F0F41E48-35ED-43F4-AB00-30252B0E5690}.Debug|Any CPU.Build.0 = Debug|Any CPU
		{F0F41E48-35ED-43F4-AB00-30252B0E5690}.Debug|x64.ActiveCfg = Debug|Any CPU
		{F0F41E48-35ED-43F4-AB00-30252B0E5690}.Debug|x64.Build.0 = Debug|Any CPU
		{F0F41E48-35ED-43F4-AB00-30252B0E5690}.Debug|x86.ActiveCfg = Debug|x86
		{F0F41E48-35ED-43F4-AB00-30252B0E5690}.Debug|x86.Build.0 = Debug|x86
		{F0F41E48-35ED-43F4-AB00-30252B0E5690}.DVD-5|Any CPU.ActiveCfg = Debug|Any CPU
		{F0F41E48-35ED-43F4-AB00-30252B0E5690}.DVD-5|Any CPU.Build.0 = Debug|Any CPU
		{F0F41E48-35ED-43F4-AB00-30252B0E5690}.DVD-5|x64.ActiveCfg = Debug|Any CPU
		{F0F41E48-35ED-43F4-AB00-30252B0E5690}.DVD-5|x64.Build.0 = Debug|Any CPU
		{F0F41E48-35ED-43F4-AB00-30252B0E5690}.DVD-5|x86.ActiveCfg = Debug|x86
		{F0F41E48-35ED-43F4-AB00-30252B0E5690}.DVD-5|x86.Build.0 = Debug|x86
		{F0F41E48-35ED-43F4-AB00-30252B0E5690}.Release|Any CPU.ActiveCfg = Release|Any CPU
		{F0F41E48-35ED-43F4-AB00-30252B0E5690}.Release|Any CPU.Build.0 = Release|Any CPU
		{F0F41E48-35ED-43F4-AB00-30252B0E5690}.Release|x64.ActiveCfg = Release|Any CPU
		{F0F41E48-35ED-43F4-AB00-30252B0E5690}.Release|x64.Build.0 = Release|Any CPU
		{F0F41E48-35ED-43F4-AB00-30252B0E5690}.Release|x86.ActiveCfg = Release|x86
		{F0F41E48-35ED-43F4-AB00-30252B0E5690}.Release|x86.Build.0 = Release|x86
		{F0F41E48-35ED-43F4-AB00-30252B0E5690}.SingleImage|Any CPU.ActiveCfg = Debug|Any CPU
		{F0F41E48-35ED-43F4-AB00-30252B0E5690}.SingleImage|Any CPU.Build.0 = Debug|Any CPU
		{F0F41E48-35ED-43F4-AB00-30252B0E5690}.SingleImage|x64.ActiveCfg = Debug|Any CPU
		{F0F41E48-35ED-43F4-AB00-30252B0E5690}.SingleImage|x64.Build.0 = Debug|Any CPU
		{F0F41E48-35ED-43F4-AB00-30252B0E5690}.SingleImage|x86.ActiveCfg = Debug|x86
		{F0F41E48-35ED-43F4-AB00-30252B0E5690}.SingleImage|x86.Build.0 = Debug|x86
		{40DE1F29-3531-4BC2-9D7E-324DC92689DF}.CD_ROM|Any CPU.ActiveCfg = Debug|Any CPU
		{40DE1F29-3531-4BC2-9D7E-324DC92689DF}.CD_ROM|Any CPU.Build.0 = Debug|Any CPU
		{40DE1F29-3531-4BC2-9D7E-324DC92689DF}.CD_ROM|x64.ActiveCfg = Debug|Any CPU
		{40DE1F29-3531-4BC2-9D7E-324DC92689DF}.CD_ROM|x64.Build.0 = Debug|Any CPU
		{40DE1F29-3531-4BC2-9D7E-324DC92689DF}.CD_ROM|x86.ActiveCfg = Debug|x86
		{40DE1F29-3531-4BC2-9D7E-324DC92689DF}.CD_ROM|x86.Build.0 = Debug|x86
		{40DE1F29-3531-4BC2-9D7E-324DC92689DF}.Debug|Any CPU.ActiveCfg = Debug|Any CPU
		{40DE1F29-3531-4BC2-9D7E-324DC92689DF}.Debug|Any CPU.Build.0 = Debug|Any CPU
		{40DE1F29-3531-4BC2-9D7E-324DC92689DF}.Debug|x64.ActiveCfg = Debug|Any CPU
		{40DE1F29-3531-4BC2-9D7E-324DC92689DF}.Debug|x64.Build.0 = Debug|Any CPU
		{40DE1F29-3531-4BC2-9D7E-324DC92689DF}.Debug|x86.ActiveCfg = Debug|x86
		{40DE1F29-3531-4BC2-9D7E-324DC92689DF}.Debug|x86.Build.0 = Debug|x86
		{40DE1F29-3531-4BC2-9D7E-324DC92689DF}.DVD-5|Any CPU.ActiveCfg = Debug|Any CPU
		{40DE1F29-3531-4BC2-9D7E-324DC92689DF}.DVD-5|Any CPU.Build.0 = Debug|Any CPU
		{40DE1F29-3531-4BC2-9D7E-324DC92689DF}.DVD-5|x64.ActiveCfg = Debug|Any CPU
		{40DE1F29-3531-4BC2-9D7E-324DC92689DF}.DVD-5|x64.Build.0 = Debug|Any CPU
		{40DE1F29-3531-4BC2-9D7E-324DC92689DF}.DVD-5|x86.ActiveCfg = Debug|x86
		{40DE1F29-3531-4BC2-9D7E-324DC92689DF}.DVD-5|x86.Build.0 = Debug|x86
		{40DE1F29-3531-4BC2-9D7E-324DC92689DF}.Release|Any CPU.ActiveCfg = Release|Any CPU
		{40DE1F29-3531-4BC2-9D7E-324DC92689DF}.Release|Any CPU.Build.0 = Release|Any CPU
		{40DE1F29-3531-4BC2-9D7E-324DC92689DF}.Release|x64.ActiveCfg = Release|Any CPU
		{40DE1F29-3531-4BC2-9D7E-324DC92689DF}.Release|x64.Build.0 = Release|Any CPU
		{40DE1F29-3531-4BC2-9D7E-324DC92689DF}.Release|x86.ActiveCfg = Release|x86
		{40DE1F29-3531-4BC2-9D7E-324DC92689DF}.Release|x86.Build.0 = Release|x86
		{40DE1F29-3531-4BC2-9D7E-324DC92689DF}.SingleImage|Any CPU.ActiveCfg = Debug|Any CPU
		{40DE1F29-3531-4BC2-9D7E-324DC92689DF}.SingleImage|Any CPU.Build.0 = Debug|Any CPU
		{40DE1F29-3531-4BC2-9D7E-324DC92689DF}.SingleImage|x64.ActiveCfg = Debug|Any CPU
		{40DE1F29-3531-4BC2-9D7E-324DC92689DF}.SingleImage|x64.Build.0 = Debug|Any CPU
		{40DE1F29-3531-4BC2-9D7E-324DC92689DF}.SingleImage|x86.ActiveCfg = Debug|x86
		{40DE1F29-3531-4BC2-9D7E-324DC92689DF}.SingleImage|x86.Build.0 = Debug|x86
		{72264BDC-23F5-4A55-B53D-0752099CB263}.CD_ROM|Any CPU.ActiveCfg = Debug|Any CPU
		{72264BDC-23F5-4A55-B53D-0752099CB263}.CD_ROM|Any CPU.Build.0 = Debug|Any CPU
		{72264BDC-23F5-4A55-B53D-0752099CB263}.CD_ROM|x64.ActiveCfg = Debug|Any CPU
		{72264BDC-23F5-4A55-B53D-0752099CB263}.CD_ROM|x64.Build.0 = Debug|Any CPU
		{72264BDC-23F5-4A55-B53D-0752099CB263}.CD_ROM|x86.ActiveCfg = Debug|x86
		{72264BDC-23F5-4A55-B53D-0752099CB263}.CD_ROM|x86.Build.0 = Debug|x86
		{72264BDC-23F5-4A55-B53D-0752099CB263}.Debug|Any CPU.ActiveCfg = Debug|Any CPU
		{72264BDC-23F5-4A55-B53D-0752099CB263}.Debug|Any CPU.Build.0 = Debug|Any CPU
		{72264BDC-23F5-4A55-B53D-0752099CB263}.Debug|x64.ActiveCfg = Debug|Any CPU
		{72264BDC-23F5-4A55-B53D-0752099CB263}.Debug|x64.Build.0 = Debug|Any CPU
		{72264BDC-23F5-4A55-B53D-0752099CB263}.Debug|x86.ActiveCfg = Debug|x86
		{72264BDC-23F5-4A55-B53D-0752099CB263}.Debug|x86.Build.0 = Debug|x86
		{72264BDC-23F5-4A55-B53D-0752099CB263}.DVD-5|Any CPU.ActiveCfg = Debug|Any CPU
		{72264BDC-23F5-4A55-B53D-0752099CB263}.DVD-5|Any CPU.Build.0 = Debug|Any CPU
		{72264BDC-23F5-4A55-B53D-0752099CB263}.DVD-5|x64.ActiveCfg = Debug|Any CPU
		{72264BDC-23F5-4A55-B53D-0752099CB263}.DVD-5|x64.Build.0 = Debug|Any CPU
		{72264BDC-23F5-4A55-B53D-0752099CB263}.DVD-5|x86.ActiveCfg = Debug|x86
		{72264BDC-23F5-4A55-B53D-0752099CB263}.DVD-5|x86.Build.0 = Debug|x86
		{72264BDC-23F5-4A55-B53D-0752099CB263}.Release|Any CPU.ActiveCfg = Release|Any CPU
		{72264BDC-23F5-4A55-B53D-0752099CB263}.Release|Any CPU.Build.0 = Release|Any CPU
		{72264BDC-23F5-4A55-B53D-0752099CB263}.Release|x64.ActiveCfg = Release|Any CPU
		{72264BDC-23F5-4A55-B53D-0752099CB263}.Release|x64.Build.0 = Release|Any CPU
		{72264BDC-23F5-4A55-B53D-0752099CB263}.Release|x86.ActiveCfg = Release|x86
		{72264BDC-23F5-4A55-B53D-0752099CB263}.Release|x86.Build.0 = Release|x86
		{72264BDC-23F5-4A55-B53D-0752099CB263}.SingleImage|Any CPU.ActiveCfg = Debug|Any CPU
		{72264BDC-23F5-4A55-B53D-0752099CB263}.SingleImage|Any CPU.Build.0 = Debug|Any CPU
		{72264BDC-23F5-4A55-B53D-0752099CB263}.SingleImage|x64.ActiveCfg = Debug|Any CPU
		{72264BDC-23F5-4A55-B53D-0752099CB263}.SingleImage|x64.Build.0 = Debug|Any CPU
		{72264BDC-23F5-4A55-B53D-0752099CB263}.SingleImage|x86.ActiveCfg = Debug|x86
		{72264BDC-23F5-4A55-B53D-0752099CB263}.SingleImage|x86.Build.0 = Debug|x86
		{7E0E3306-36A9-4E26-BCF5-727D3C1336BB}.CD_ROM|Any CPU.ActiveCfg = Debug|Any CPU
		{7E0E3306-36A9-4E26-BCF5-727D3C1336BB}.CD_ROM|Any CPU.Build.0 = Debug|Any CPU
		{7E0E3306-36A9-4E26-BCF5-727D3C1336BB}.CD_ROM|x64.ActiveCfg = Debug|Any CPU
		{7E0E3306-36A9-4E26-BCF5-727D3C1336BB}.CD_ROM|x64.Build.0 = Debug|Any CPU
		{7E0E3306-36A9-4E26-BCF5-727D3C1336BB}.CD_ROM|x86.ActiveCfg = Debug|x86
		{7E0E3306-36A9-4E26-BCF5-727D3C1336BB}.CD_ROM|x86.Build.0 = Debug|x86
		{7E0E3306-36A9-4E26-BCF5-727D3C1336BB}.Debug|Any CPU.ActiveCfg = Debug|Any CPU
		{7E0E3306-36A9-4E26-BCF5-727D3C1336BB}.Debug|Any CPU.Build.0 = Debug|Any CPU
		{7E0E3306-36A9-4E26-BCF5-727D3C1336BB}.Debug|x64.ActiveCfg = Debug|Any CPU
		{7E0E3306-36A9-4E26-BCF5-727D3C1336BB}.Debug|x64.Build.0 = Debug|Any CPU
		{7E0E3306-36A9-4E26-BCF5-727D3C1336BB}.Debug|x86.ActiveCfg = Debug|x86
		{7E0E3306-36A9-4E26-BCF5-727D3C1336BB}.Debug|x86.Build.0 = Debug|x86
		{7E0E3306-36A9-4E26-BCF5-727D3C1336BB}.DVD-5|Any CPU.ActiveCfg = Debug|Any CPU
		{7E0E3306-36A9-4E26-BCF5-727D3C1336BB}.DVD-5|Any CPU.Build.0 = Debug|Any CPU
		{7E0E3306-36A9-4E26-BCF5-727D3C1336BB}.DVD-5|x64.ActiveCfg = Debug|Any CPU
		{7E0E3306-36A9-4E26-BCF5-727D3C1336BB}.DVD-5|x64.Build.0 = Debug|Any CPU
		{7E0E3306-36A9-4E26-BCF5-727D3C1336BB}.DVD-5|x86.ActiveCfg = Debug|x86
		{7E0E3306-36A9-4E26-BCF5-727D3C1336BB}.DVD-5|x86.Build.0 = Debug|x86
		{7E0E3306-36A9-4E26-BCF5-727D3C1336BB}.Release|Any CPU.ActiveCfg = Release|Any CPU
		{7E0E3306-36A9-4E26-BCF5-727D3C1336BB}.Release|Any CPU.Build.0 = Release|Any CPU
		{7E0E3306-36A9-4E26-BCF5-727D3C1336BB}.Release|x64.ActiveCfg = Release|Any CPU
		{7E0E3306-36A9-4E26-BCF5-727D3C1336BB}.Release|x64.Build.0 = Release|Any CPU
		{7E0E3306-36A9-4E26-BCF5-727D3C1336BB}.Release|x86.ActiveCfg = Release|x86
		{7E0E3306-36A9-4E26-BCF5-727D3C1336BB}.Release|x86.Build.0 = Release|x86
		{7E0E3306-36A9-4E26-BCF5-727D3C1336BB}.SingleImage|Any CPU.ActiveCfg = Debug|Any CPU
		{7E0E3306-36A9-4E26-BCF5-727D3C1336BB}.SingleImage|Any CPU.Build.0 = Debug|Any CPU
		{7E0E3306-36A9-4E26-BCF5-727D3C1336BB}.SingleImage|x64.ActiveCfg = Debug|Any CPU
		{7E0E3306-36A9-4E26-BCF5-727D3C1336BB}.SingleImage|x64.Build.0 = Debug|Any CPU
		{7E0E3306-36A9-4E26-BCF5-727D3C1336BB}.SingleImage|x86.ActiveCfg = Debug|x86
		{7E0E3306-36A9-4E26-BCF5-727D3C1336BB}.SingleImage|x86.Build.0 = Debug|x86
		{2AA4FCFA-94D1-47C5-B515-E417DA3AF8DC}.CD_ROM|Any CPU.ActiveCfg = Debug|Any CPU
		{2AA4FCFA-94D1-47C5-B515-E417DA3AF8DC}.CD_ROM|Any CPU.Build.0 = Debug|Any CPU
		{2AA4FCFA-94D1-47C5-B515-E417DA3AF8DC}.CD_ROM|x64.ActiveCfg = Debug|x64
		{2AA4FCFA-94D1-47C5-B515-E417DA3AF8DC}.CD_ROM|x64.Build.0 = Debug|x64
		{2AA4FCFA-94D1-47C5-B515-E417DA3AF8DC}.CD_ROM|x86.ActiveCfg = Debug|x86
		{2AA4FCFA-94D1-47C5-B515-E417DA3AF8DC}.CD_ROM|x86.Build.0 = Debug|x86
		{2AA4FCFA-94D1-47C5-B515-E417DA3AF8DC}.Debug|Any CPU.ActiveCfg = Debug|Any CPU
		{2AA4FCFA-94D1-47C5-B515-E417DA3AF8DC}.Debug|Any CPU.Build.0 = Debug|Any CPU
		{2AA4FCFA-94D1-47C5-B515-E417DA3AF8DC}.Debug|x64.ActiveCfg = Debug|x64
		{2AA4FCFA-94D1-47C5-B515-E417DA3AF8DC}.Debug|x64.Build.0 = Debug|x64
		{2AA4FCFA-94D1-47C5-B515-E417DA3AF8DC}.Debug|x86.ActiveCfg = Debug|x86
		{2AA4FCFA-94D1-47C5-B515-E417DA3AF8DC}.Debug|x86.Build.0 = Debug|x86
		{2AA4FCFA-94D1-47C5-B515-E417DA3AF8DC}.DVD-5|Any CPU.ActiveCfg = Debug|Any CPU
		{2AA4FCFA-94D1-47C5-B515-E417DA3AF8DC}.DVD-5|Any CPU.Build.0 = Debug|Any CPU
		{2AA4FCFA-94D1-47C5-B515-E417DA3AF8DC}.DVD-5|x64.ActiveCfg = Debug|x64
		{2AA4FCFA-94D1-47C5-B515-E417DA3AF8DC}.DVD-5|x64.Build.0 = Debug|x64
		{2AA4FCFA-94D1-47C5-B515-E417DA3AF8DC}.DVD-5|x86.ActiveCfg = Debug|x86
		{2AA4FCFA-94D1-47C5-B515-E417DA3AF8DC}.DVD-5|x86.Build.0 = Debug|x86
		{2AA4FCFA-94D1-47C5-B515-E417DA3AF8DC}.Release|Any CPU.ActiveCfg = Release|Any CPU
		{2AA4FCFA-94D1-47C5-B515-E417DA3AF8DC}.Release|Any CPU.Build.0 = Release|Any CPU
		{2AA4FCFA-94D1-47C5-B515-E417DA3AF8DC}.Release|x64.ActiveCfg = Release|x64
		{2AA4FCFA-94D1-47C5-B515-E417DA3AF8DC}.Release|x64.Build.0 = Release|x64
		{2AA4FCFA-94D1-47C5-B515-E417DA3AF8DC}.Release|x86.ActiveCfg = Release|x86
		{2AA4FCFA-94D1-47C5-B515-E417DA3AF8DC}.Release|x86.Build.0 = Release|x86
		{2AA4FCFA-94D1-47C5-B515-E417DA3AF8DC}.SingleImage|Any CPU.ActiveCfg = Debug|Any CPU
		{2AA4FCFA-94D1-47C5-B515-E417DA3AF8DC}.SingleImage|Any CPU.Build.0 = Debug|Any CPU
		{2AA4FCFA-94D1-47C5-B515-E417DA3AF8DC}.SingleImage|x64.ActiveCfg = Debug|x64
		{2AA4FCFA-94D1-47C5-B515-E417DA3AF8DC}.SingleImage|x64.Build.0 = Debug|x64
		{2AA4FCFA-94D1-47C5-B515-E417DA3AF8DC}.SingleImage|x86.ActiveCfg = Debug|x86
		{2AA4FCFA-94D1-47C5-B515-E417DA3AF8DC}.SingleImage|x86.Build.0 = Debug|x86
		{A9A00CAD-9EAD-4228-AB08-6DC3BAF253AA}.CD_ROM|Any CPU.ActiveCfg = Debug|Any CPU
		{A9A00CAD-9EAD-4228-AB08-6DC3BAF253AA}.CD_ROM|Any CPU.Build.0 = Debug|Any CPU
		{A9A00CAD-9EAD-4228-AB08-6DC3BAF253AA}.CD_ROM|x64.ActiveCfg = Debug|Any CPU
		{A9A00CAD-9EAD-4228-AB08-6DC3BAF253AA}.CD_ROM|x64.Build.0 = Debug|Any CPU
		{A9A00CAD-9EAD-4228-AB08-6DC3BAF253AA}.CD_ROM|x86.ActiveCfg = Debug|x86
		{A9A00CAD-9EAD-4228-AB08-6DC3BAF253AA}.CD_ROM|x86.Build.0 = Debug|x86
		{A9A00CAD-9EAD-4228-AB08-6DC3BAF253AA}.Debug|Any CPU.ActiveCfg = Debug|Any CPU
		{A9A00CAD-9EAD-4228-AB08-6DC3BAF253AA}.Debug|Any CPU.Build.0 = Debug|Any CPU
		{A9A00CAD-9EAD-4228-AB08-6DC3BAF253AA}.Debug|x64.ActiveCfg = Debug|Any CPU
		{A9A00CAD-9EAD-4228-AB08-6DC3BAF253AA}.Debug|x64.Build.0 = Debug|Any CPU
		{A9A00CAD-9EAD-4228-AB08-6DC3BAF253AA}.Debug|x86.ActiveCfg = Debug|x86
		{A9A00CAD-9EAD-4228-AB08-6DC3BAF253AA}.Debug|x86.Build.0 = Debug|x86
		{A9A00CAD-9EAD-4228-AB08-6DC3BAF253AA}.DVD-5|Any CPU.ActiveCfg = Debug|Any CPU
		{A9A00CAD-9EAD-4228-AB08-6DC3BAF253AA}.DVD-5|Any CPU.Build.0 = Debug|Any CPU
		{A9A00CAD-9EAD-4228-AB08-6DC3BAF253AA}.DVD-5|x64.ActiveCfg = Debug|Any CPU
		{A9A00CAD-9EAD-4228-AB08-6DC3BAF253AA}.DVD-5|x64.Build.0 = Debug|Any CPU
		{A9A00CAD-9EAD-4228-AB08-6DC3BAF253AA}.DVD-5|x86.ActiveCfg = Debug|x86
		{A9A00CAD-9EAD-4228-AB08-6DC3BAF253AA}.DVD-5|x86.Build.0 = Debug|x86
		{A9A00CAD-9EAD-4228-AB08-6DC3BAF253AA}.Release|Any CPU.ActiveCfg = Release|Any CPU
		{A9A00CAD-9EAD-4228-AB08-6DC3BAF253AA}.Release|Any CPU.Build.0 = Release|Any CPU
		{A9A00CAD-9EAD-4228-AB08-6DC3BAF253AA}.Release|x64.ActiveCfg = Release|Any CPU
		{A9A00CAD-9EAD-4228-AB08-6DC3BAF253AA}.Release|x64.Build.0 = Release|Any CPU
		{A9A00CAD-9EAD-4228-AB08-6DC3BAF253AA}.Release|x86.ActiveCfg = Release|x86
		{A9A00CAD-9EAD-4228-AB08-6DC3BAF253AA}.Release|x86.Build.0 = Release|x86
		{A9A00CAD-9EAD-4228-AB08-6DC3BAF253AA}.SingleImage|Any CPU.ActiveCfg = Debug|Any CPU
		{A9A00CAD-9EAD-4228-AB08-6DC3BAF253AA}.SingleImage|Any CPU.Build.0 = Debug|Any CPU
		{A9A00CAD-9EAD-4228-AB08-6DC3BAF253AA}.SingleImage|x64.ActiveCfg = Debug|Any CPU
		{A9A00CAD-9EAD-4228-AB08-6DC3BAF253AA}.SingleImage|x64.Build.0 = Debug|Any CPU
		{A9A00CAD-9EAD-4228-AB08-6DC3BAF253AA}.SingleImage|x86.ActiveCfg = Debug|x86
		{A9A00CAD-9EAD-4228-AB08-6DC3BAF253AA}.SingleImage|x86.Build.0 = Debug|x86
		{8B945D8B-4F75-4E86-90D1-C1B1B71608BD}.CD_ROM|Any CPU.ActiveCfg = Debug|Any CPU
		{8B945D8B-4F75-4E86-90D1-C1B1B71608BD}.CD_ROM|Any CPU.Build.0 = Debug|Any CPU
		{8B945D8B-4F75-4E86-90D1-C1B1B71608BD}.CD_ROM|x64.ActiveCfg = Debug|Any CPU
		{8B945D8B-4F75-4E86-90D1-C1B1B71608BD}.CD_ROM|x64.Build.0 = Debug|Any CPU
		{8B945D8B-4F75-4E86-90D1-C1B1B71608BD}.CD_ROM|x86.ActiveCfg = Debug|Any CPU
		{8B945D8B-4F75-4E86-90D1-C1B1B71608BD}.CD_ROM|x86.Build.0 = Debug|Any CPU
		{8B945D8B-4F75-4E86-90D1-C1B1B71608BD}.Debug|Any CPU.ActiveCfg = Debug|Any CPU
		{8B945D8B-4F75-4E86-90D1-C1B1B71608BD}.Debug|Any CPU.Build.0 = Debug|Any CPU
		{8B945D8B-4F75-4E86-90D1-C1B1B71608BD}.Debug|x64.ActiveCfg = Debug|Any CPU
		{8B945D8B-4F75-4E86-90D1-C1B1B71608BD}.Debug|x64.Build.0 = Debug|Any CPU
		{8B945D8B-4F75-4E86-90D1-C1B1B71608BD}.Debug|x86.ActiveCfg = Debug|Any CPU
		{8B945D8B-4F75-4E86-90D1-C1B1B71608BD}.Debug|x86.Build.0 = Debug|Any CPU
		{8B945D8B-4F75-4E86-90D1-C1B1B71608BD}.DVD-5|Any CPU.ActiveCfg = Debug|Any CPU
		{8B945D8B-4F75-4E86-90D1-C1B1B71608BD}.DVD-5|Any CPU.Build.0 = Debug|Any CPU
		{8B945D8B-4F75-4E86-90D1-C1B1B71608BD}.DVD-5|x64.ActiveCfg = Debug|Any CPU
		{8B945D8B-4F75-4E86-90D1-C1B1B71608BD}.DVD-5|x64.Build.0 = Debug|Any CPU
		{8B945D8B-4F75-4E86-90D1-C1B1B71608BD}.DVD-5|x86.ActiveCfg = Debug|Any CPU
		{8B945D8B-4F75-4E86-90D1-C1B1B71608BD}.DVD-5|x86.Build.0 = Debug|Any CPU
		{8B945D8B-4F75-4E86-90D1-C1B1B71608BD}.Release|Any CPU.ActiveCfg = Release|Any CPU
		{8B945D8B-4F75-4E86-90D1-C1B1B71608BD}.Release|Any CPU.Build.0 = Release|Any CPU
		{8B945D8B-4F75-4E86-90D1-C1B1B71608BD}.Release|x64.ActiveCfg = Release|Any CPU
		{8B945D8B-4F75-4E86-90D1-C1B1B71608BD}.Release|x64.Build.0 = Release|Any CPU
		{8B945D8B-4F75-4E86-90D1-C1B1B71608BD}.Release|x86.ActiveCfg = Release|Any CPU
		{8B945D8B-4F75-4E86-90D1-C1B1B71608BD}.Release|x86.Build.0 = Release|Any CPU
		{8B945D8B-4F75-4E86-90D1-C1B1B71608BD}.SingleImage|Any CPU.ActiveCfg = Debug|Any CPU
		{8B945D8B-4F75-4E86-90D1-C1B1B71608BD}.SingleImage|Any CPU.Build.0 = Debug|Any CPU
		{8B945D8B-4F75-4E86-90D1-C1B1B71608BD}.SingleImage|x64.ActiveCfg = Debug|Any CPU
		{8B945D8B-4F75-4E86-90D1-C1B1B71608BD}.SingleImage|x64.Build.0 = Debug|Any CPU
		{8B945D8B-4F75-4E86-90D1-C1B1B71608BD}.SingleImage|x86.ActiveCfg = Debug|Any CPU
		{8B945D8B-4F75-4E86-90D1-C1B1B71608BD}.SingleImage|x86.Build.0 = Debug|Any CPU
		{A1583DF6-2344-4204-9983-AD3C95E104AB}.CD_ROM|Any CPU.ActiveCfg = Debug|Any CPU
		{A1583DF6-2344-4204-9983-AD3C95E104AB}.CD_ROM|Any CPU.Build.0 = Debug|Any CPU
		{A1583DF6-2344-4204-9983-AD3C95E104AB}.CD_ROM|x64.ActiveCfg = Debug|x64
		{A1583DF6-2344-4204-9983-AD3C95E104AB}.CD_ROM|x64.Build.0 = Debug|x64
		{A1583DF6-2344-4204-9983-AD3C95E104AB}.CD_ROM|x86.ActiveCfg = Debug|x86
		{A1583DF6-2344-4204-9983-AD3C95E104AB}.CD_ROM|x86.Build.0 = Debug|x86
		{A1583DF6-2344-4204-9983-AD3C95E104AB}.Debug|Any CPU.ActiveCfg = Debug|Any CPU
		{A1583DF6-2344-4204-9983-AD3C95E104AB}.Debug|Any CPU.Build.0 = Debug|Any CPU
		{A1583DF6-2344-4204-9983-AD3C95E104AB}.Debug|x64.ActiveCfg = Debug|x64
		{A1583DF6-2344-4204-9983-AD3C95E104AB}.Debug|x64.Build.0 = Debug|x64
		{A1583DF6-2344-4204-9983-AD3C95E104AB}.Debug|x86.ActiveCfg = Debug|x86
		{A1583DF6-2344-4204-9983-AD3C95E104AB}.Debug|x86.Build.0 = Debug|x86
		{A1583DF6-2344-4204-9983-AD3C95E104AB}.DVD-5|Any CPU.ActiveCfg = Debug|Any CPU
		{A1583DF6-2344-4204-9983-AD3C95E104AB}.DVD-5|Any CPU.Build.0 = Debug|Any CPU
		{A1583DF6-2344-4204-9983-AD3C95E104AB}.DVD-5|x64.ActiveCfg = Debug|x64
		{A1583DF6-2344-4204-9983-AD3C95E104AB}.DVD-5|x64.Build.0 = Debug|x64
		{A1583DF6-2344-4204-9983-AD3C95E104AB}.DVD-5|x86.ActiveCfg = Debug|x86
		{A1583DF6-2344-4204-9983-AD3C95E104AB}.DVD-5|x86.Build.0 = Debug|x86
		{A1583DF6-2344-4204-9983-AD3C95E104AB}.Release|Any CPU.ActiveCfg = Release|Any CPU
		{A1583DF6-2344-4204-9983-AD3C95E104AB}.Release|Any CPU.Build.0 = Release|Any CPU
		{A1583DF6-2344-4204-9983-AD3C95E104AB}.Release|x64.ActiveCfg = Release|x64
		{A1583DF6-2344-4204-9983-AD3C95E104AB}.Release|x64.Build.0 = Release|x64
		{A1583DF6-2344-4204-9983-AD3C95E104AB}.Release|x86.ActiveCfg = Release|x86
		{A1583DF6-2344-4204-9983-AD3C95E104AB}.Release|x86.Build.0 = Release|x86
		{A1583DF6-2344-4204-9983-AD3C95E104AB}.SingleImage|Any CPU.ActiveCfg = Debug|Any CPU
		{A1583DF6-2344-4204-9983-AD3C95E104AB}.SingleImage|Any CPU.Build.0 = Debug|Any CPU
		{A1583DF6-2344-4204-9983-AD3C95E104AB}.SingleImage|x64.ActiveCfg = Debug|x64
		{A1583DF6-2344-4204-9983-AD3C95E104AB}.SingleImage|x64.Build.0 = Debug|x64
		{A1583DF6-2344-4204-9983-AD3C95E104AB}.SingleImage|x86.ActiveCfg = Debug|x86
		{A1583DF6-2344-4204-9983-AD3C95E104AB}.SingleImage|x86.Build.0 = Debug|x86
	EndGlobalSection
	GlobalSection(SolutionProperties) = preSolution
		HideSolutionNode = FALSE
	EndGlobalSection
	GlobalSection(NestedProjects) = preSolution
		{7B904366-AFAB-46FD-9B50-D78D38E3B54B} = {4628BE06-6871-4A49-8FEF-909B64D0280E}
		{67027820-9036-481E-80F6-077E5085F59D} = {4628BE06-6871-4A49-8FEF-909B64D0280E}
		{33E88992-742F-4D13-823F-35D6A07B1AA1} = {4628BE06-6871-4A49-8FEF-909B64D0280E}
		{B219575F-1541-41DB-9FA4-D9D7CD62B4A5} = {4628BE06-6871-4A49-8FEF-909B64D0280E}
		{CF2D3442-16AA-46A4-BBF9-0634ADA3AE2D} = {4628BE06-6871-4A49-8FEF-909B64D0280E}
		{628E0E99-0302-4A5D-BD8A-E0B28B93AAA9} = {4628BE06-6871-4A49-8FEF-909B64D0280E}
		{BB2247EF-4797-498A-B7D5-F1250CEFBD49} = {4628BE06-6871-4A49-8FEF-909B64D0280E}
		{F0F41E48-35ED-43F4-AB00-30252B0E5690} = {4628BE06-6871-4A49-8FEF-909B64D0280E}
		{40DE1F29-3531-4BC2-9D7E-324DC92689DF} = {4628BE06-6871-4A49-8FEF-909B64D0280E}
		{72264BDC-23F5-4A55-B53D-0752099CB263} = {4628BE06-6871-4A49-8FEF-909B64D0280E}
		{7E0E3306-36A9-4E26-BCF5-727D3C1336BB} = {4628BE06-6871-4A49-8FEF-909B64D0280E}
		{2AA4FCFA-94D1-47C5-B515-E417DA3AF8DC} = {4628BE06-6871-4A49-8FEF-909B64D0280E}
		{A9A00CAD-9EAD-4228-AB08-6DC3BAF253AA} = {4628BE06-6871-4A49-8FEF-909B64D0280E}
		{A1583DF6-2344-4204-9983-AD3C95E104AB} = {4628BE06-6871-4A49-8FEF-909B64D0280E}
	EndGlobalSection
	GlobalSection(ExtensibilityGlobals) = postSolution
		SolutionGuid = {C69DDBC4-5193-483F-B087-93494A2F52A1}
	EndGlobalSection
EndGlobal
